
Microsoft Visual Studio Solution File, Format Version 12.00
# Visual Studio Version 17
VisualStudioVersion = 17.0.31903.59
MinimumVisualStudioVersion = 10.0.40219.1
Project("{2150E333-8FDC-42A3-9474-1A3956D46DE8}") = "Bundles", "Bundles", "{74981086-C1C3-4D46-B3A3-C9C3C15E0B42}"
EndProject
Project("{2150E333-8FDC-42A3-9474-1A3956D46DE8}") = ".Solution Items", ".Solution Items", "{E95ABDC4-4BFD-498D-8AB9-99145B99C995}"
	ProjectSection(SolutionItems) = preProject
		Directory.Build.props = Directory.Build.props
		Directory.Packages.props = Directory.Packages.props
	EndProjectSection
EndProject
Project("{2150E333-8FDC-42A3-9474-1A3956D46DE8}") = "LiquieMap", "LiquieMap", "{7AD269C6-73B7-4203-9657-C471492CBE44}"
EndProject
Project("{FAE04EC0-301F-11D3-BF4B-00C04F79EFBC}") = "IziLiquiMap.Dist", "Bundles\IziLiquiMap\IziLiquiMap.Dist\IziLiquiMap.Dist.csproj", "{3E548E68-831B-49C0-B30A-6E2159D30954}"
EndProject
Project("{FAE04EC0-301F-11D3-BF4B-00C04F79EFBC}") = "IziLiquiMap.Contracts", "Bundles\IziLiquiMap\IziLiquiMap.Contracts\IziLiquiMap.Contracts.csproj", "{6450F0DC-B41D-4442-B715-0E6621B4FA4E}"
EndProject
Project("{2150E333-8FDC-42A3-9474-1A3956D46DE8}") = "tests", "tests", "{99967C93-CB27-45CF-8D01-78F3A03D3EDB}"
EndProject
Project("{2150E333-8FDC-42A3-9474-1A3956D46DE8}") = "src", "src", "{E41C8A46-5B4E-4DC9-9CD4-A1FB8777FC9A}"
EndProject
Project("{2150E333-8FDC-42A3-9474-1A3956D46DE8}") = "dist", "dist", "{0979CF1D-69E9-477B-98BE-0FC4F5D5C478}"
EndProject
Project("{FAE04EC0-301F-11D3-BF4B-00C04F79EFBC}") = "IziLiquiMap.Domain", "Bundles\IziLiquiMap\IziLiquiMap.Domain\IziLiquiMap.Domain.csproj", "{985B5DFA-402D-4FEB-9DE9-9E0A8C956CBC}"
EndProject
Project("{2150E333-8FDC-42A3-9474-1A3956D46DE8}") = "Geometry", "Geometry", "{A0E64A06-2883-4640-9CE9-AEFFAAFE4D4D}"
EndProject
Project("{FAE04EC0-301F-11D3-BF4B-00C04F79EFBC}") = "Geometry.Domain", "Bundles\Geometry\Geometry.Domain\Geometry.Domain.csproj", "{1CB3A0E6-350D-410C-B313-B1F730D6A7B0}"
EndProject
Project("{FAE04EC0-301F-11D3-BF4B-00C04F79EFBC}") = "Geometry.Dist", "Bundles\Geometry\Geometry.Dist\Geometry.Dist.csproj", "{861725A8-E9CF-4734-A512-1BFC0A16EE5C}"
EndProject
Project("{2150E333-8FDC-42A3-9474-1A3956D46DE8}") = "UnityEngine", "UnityEngine", "{82823C29-F2C7-4A88-AA1A-ECF65B36305E}"
EndProject
Project("{2150E333-8FDC-42A3-9474-1A3956D46DE8}") = "UnityEditor", "UnityEditor", "{2F61798F-63C5-470A-A1B3-0BD3E9E1400B}"
EndProject
Project("{FAE04EC0-301F-11D3-BF4B-00C04F79EFBC}") = "UnityEngine.Dist.6000", "UnityEngine\UnityEngine.Dist.6000\UnityEngine.Dist.6000.csproj", "{0FF849D5-48EF-4E83-87CE-6EFF007E2EB1}"
EndProject
Project("{FAE04EC0-301F-11D3-BF4B-00C04F79EFBC}") = "IziLiquiMap.Dist.UnityExample", "Bundles\IziLiquiMap\IziLiquiMap.Dist.UnityExample\IziLiquiMap.Dist.UnityExample.csproj", "{F7036F07-1741-41D2-A1DB-028982412ABC}"
EndProject
Project("{FAE04EC0-301F-11D3-BF4B-00C04F79EFBC}") = "UnityEditor.Dist.6000", "UnityEditor\UnityEditor.Dist.6000\UnityEditor.Dist.6000.csproj", "{42E2D713-16CE-41A8-8C4C-EDF548D4338D}"
EndProject
Project("{2150E333-8FDC-42A3-9474-1A3956D46DE8}") = "UnityBundles", "UnityBundles", "{3E49CF7C-9867-4342-B5F2-3222641645D0}"
EndProject
Global
	GlobalSection(SolutionConfigurationPlatforms) = preSolution
		Debug|Any CPU = Debug|Any CPU
		Release|Any CPU = Release|Any CPU
	EndGlobalSection
	GlobalSection(ProjectConfigurationPlatforms) = postSolution
		{3E548E68-831B-49C0-B30A-6E2159D30954}.Debug|Any CPU.ActiveCfg = Debug|Any CPU
		{3E548E68-831B-49C0-B30A-6E2159D30954}.Debug|Any CPU.Build.0 = Debug|Any CPU
		{3E548E68-831B-49C0-B30A-6E2159D30954}.Release|Any CPU.ActiveCfg = Release|Any CPU
		{3E548E68-831B-49C0-B30A-6E2159D30954}.Release|Any CPU.Build.0 = Release|Any CPU
		{6450F0DC-B41D-4442-B715-0E6621B4FA4E}.Debug|Any CPU.ActiveCfg = Debug|Any CPU
		{6450F0DC-B41D-4442-B715-0E6621B4FA4E}.Debug|Any CPU.Build.0 = Debug|Any CPU
		{6450F0DC-B41D-4442-B715-0E6621B4FA4E}.Release|Any CPU.ActiveCfg = Release|Any CPU
		{6450F0DC-B41D-4442-B715-0E6621B4FA4E}.Release|Any CPU.Build.0 = Release|Any CPU
		{985B5DFA-402D-4FEB-9DE9-9E0A8C956CBC}.Debug|Any CPU.ActiveCfg = Debug|Any CPU
		{985B5DFA-402D-4FEB-9DE9-9E0A8C956CBC}.Debug|Any CPU.Build.0 = Debug|Any CPU
		{985B5DFA-402D-4FEB-9DE9-9E0A8C956CBC}.Release|Any CPU.ActiveCfg = Release|Any CPU
		{985B5DFA-402D-4FEB-9DE9-9E0A8C956CBC}.Release|Any CPU.Build.0 = Release|Any CPU
		{1CB3A0E6-350D-410C-B313-B1F730D6A7B0}.Debug|Any CPU.ActiveCfg = Debug|Any CPU
		{1CB3A0E6-350D-410C-B313-B1F730D6A7B0}.Debug|Any CPU.Build.0 = Debug|Any CPU
		{1CB3A0E6-350D-410C-B313-B1F730D6A7B0}.Release|Any CPU.ActiveCfg = Release|Any CPU
		{1CB3A0E6-350D-410C-B313-B1F730D6A7B0}.Release|Any CPU.Build.0 = Release|Any CPU
		{861725A8-E9CF-4734-A512-1BFC0A16EE5C}.Debug|Any CPU.ActiveCfg = Debug|Any CPU
		{861725A8-E9CF-4734-A512-1BFC0A16EE5C}.Debug|Any CPU.Build.0 = Debug|Any CPU
		{861725A8-E9CF-4734-A512-1BFC0A16EE5C}.Release|Any CPU.ActiveCfg = Release|Any CPU
		{861725A8-E9CF-4734-A512-1BFC0A16EE5C}.Release|Any CPU.Build.0 = Release|Any CPU
		{0FF849D5-48EF-4E83-87CE-6EFF007E2EB1}.Debug|Any CPU.ActiveCfg = Debug|Any CPU
		{0FF849D5-48EF-4E83-87CE-6EFF007E2EB1}.Debug|Any CPU.Build.0 = Debug|Any CPU
		{0FF849D5-48EF-4E83-87CE-6EFF007E2EB1}.Release|Any CPU.ActiveCfg = Release|Any CPU
		{0FF849D5-48EF-4E83-87CE-6EFF007E2EB1}.Release|Any CPU.Build.0 = Release|Any CPU
		{F7036F07-1741-41D2-A1DB-028982412ABC}.Debug|Any CPU.ActiveCfg = Debug|Any CPU
		{F7036F07-1741-41D2-A1DB-028982412ABC}.Debug|Any CPU.Build.0 = Debug|Any CPU
		{F7036F07-1741-41D2-A1DB-028982412ABC}.Release|Any CPU.ActiveCfg = Release|Any CPU
		{F7036F07-1741-41D2-A1DB-028982412ABC}.Release|Any CPU.Build.0 = Release|Any CPU
		{42E2D713-16CE-41A8-8C4C-EDF548D4338D}.Debug|Any CPU.ActiveCfg = Debug|Any CPU
		{42E2D713-16CE-41A8-8C4C-EDF548D4338D}.Debug|Any CPU.Build.0 = Debug|Any CPU
		{42E2D713-16CE-41A8-8C4C-EDF548D4338D}.Release|Any CPU.ActiveCfg = Release|Any CPU
		{42E2D713-16CE-41A8-8C4C-EDF548D4338D}.Release|Any CPU.Build.0 = Release|Any CPU
	EndGlobalSection
	GlobalSection(SolutionProperties) = preSolution
		HideSolutionNode = FALSE
	EndGlobalSection
	GlobalSection(NestedProjects) = preSolution
		{7AD269C6-73B7-4203-9657-C471492CBE44} = {74981086-C1C3-4D46-B3A3-C9C3C15E0B42}
		{3E548E68-831B-49C0-B30A-6E2159D30954} = {0979CF1D-69E9-477B-98BE-0FC4F5D5C478}
		{6450F0DC-B41D-4442-B715-0E6621B4FA4E} = {E41C8A46-5B4E-4DC9-9CD4-A1FB8777FC9A}
		{99967C93-CB27-45CF-8D01-78F3A03D3EDB} = {7AD269C6-73B7-4203-9657-C471492CBE44}
		{E41C8A46-5B4E-4DC9-9CD4-A1FB8777FC9A} = {7AD269C6-73B7-4203-9657-C471492CBE44}
		{0979CF1D-69E9-477B-98BE-0FC4F5D5C478} = {7AD269C6-73B7-4203-9657-C471492CBE44}
		{985B5DFA-402D-4FEB-9DE9-9E0A8C956CBC} = {E41C8A46-5B4E-4DC9-9CD4-A1FB8777FC9A}
		{A0E64A06-2883-4640-9CE9-AEFFAAFE4D4D} = {74981086-C1C3-4D46-B3A3-C9C3C15E0B42}
		{1CB3A0E6-350D-410C-B313-B1F730D6A7B0} = {A0E64A06-2883-4640-9CE9-AEFFAAFE4D4D}
		{861725A8-E9CF-4734-A512-1BFC0A16EE5C} = {A0E64A06-2883-4640-9CE9-AEFFAAFE4D4D}
		{0FF849D5-48EF-4E83-87CE-6EFF007E2EB1} = {82823C29-F2C7-4A88-AA1A-ECF65B36305E}
		{F7036F07-1741-41D2-A1DB-028982412ABC} = {0979CF1D-69E9-477B-98BE-0FC4F5D5C478}
		{42E2D713-16CE-41A8-8C4C-EDF548D4338D} = {2F61798F-63C5-470A-A1B3-0BD3E9E1400B}
	EndGlobalSection
EndGlobal
