
Microsoft Visual Studio Solution File, Format Version 12.00
# Visual Studio Version 17
VisualStudioVersion = 17.0.31903.59
MinimumVisualStudioVersion = 10.0.40219.1
Project("{2150E333-8FDC-42A3-9474-1A3956D46DE8}") = "Bundles", "Bundles", "{74981086-C1C3-4D46-B3A3-C9C3C15E0B42}"
EndProject
Project("{2150E333-8FDC-42A3-9474-1A3956D46DE8}") = ".Solution Items", ".Solution Items", "{E95ABDC4-4BFD-498D-8AB9-99145B99C995}"
	ProjectSection(SolutionItems) = preProject
		Directory.Build.props = Directory.Build.props
		Directory.Packages.props = Directory.Packages.props
		README.md = README.md
	EndProjectSection
EndProject
Project("{2150E333-8FDC-42A3-9474-1A3956D46DE8}") = "LiquieMap", "LiquieMap", "{7AD269C6-73B7-4203-9657-C471492CBE44}"
EndProject
Project("{FAE04EC0-301F-11D3-BF4B-00C04F79EFBC}") = "IziLiquiMap.Dist.Unity", "Bundles\IziLiquiMap\IziLiquiMap.Dist\IziLiquiMap.Dist.Unity.csproj", "{3E548E68-831B-49C0-B30A-6E2159D30954}"
EndProject
Project("{FAE04EC0-301F-11D3-BF4B-00C04F79EFBC}") = "IziLiquiMap.Contracts", "Bundles\IziLiquiMap\IziLiquiMap.Contracts\IziLiquiMap.Contracts.csproj", "{6450F0DC-B41D-4442-B715-0E6621B4FA4E}"
EndProject
Project("{2150E333-8FDC-42A3-9474-1A3956D46DE8}") = "tests", "tests", "{99967C93-CB27-45CF-8D01-78F3A03D3EDB}"
EndProject
Project("{2150E333-8FDC-42A3-9474-1A3956D46DE8}") = "src", "src", "{E41C8A46-5B4E-4DC9-9CD4-A1FB8777FC9A}"
EndProject
Project("{2150E333-8FDC-42A3-9474-1A3956D46DE8}") = "dist", "dist", "{0979CF1D-69E9-477B-98BE-0FC4F5D5C478}"
EndProject
Project("{FAE04EC0-301F-11D3-BF4B-00C04F79EFBC}") = "IziLiquiMap.Domain", "Bundles\IziLiquiMap\IziLiquiMap.Domain\IziLiquiMap.Domain.csproj", "{985B5DFA-402D-4FEB-9DE9-9E0A8C956CBC}"
EndProject
Project("{2150E333-8FDC-42A3-9474-1A3956D46DE8}") = "Geometry", "Geometry", "{A0E64A06-2883-4640-9CE9-AEFFAAFE4D4D}"
EndProject
Project("{FAE04EC0-301F-11D3-BF4B-00C04F79EFBC}") = "Geometry.Domain", "Bundles\Geometry\Geometry.Domain\Geometry.Domain.csproj", "{1CB3A0E6-350D-410C-B313-B1F730D6A7B0}"
EndProject
Project("{FAE04EC0-301F-11D3-BF4B-00C04F79EFBC}") = "Geometry.Dist", "Bundles\Geometry\Geometry.Dist\Geometry.Dist.csproj", "{861725A8-E9CF-4734-A512-1BFC0A16EE5C}"
EndProject
Project("{2150E333-8FDC-42A3-9474-1A3956D46DE8}") = "UnityEngine", "UnityEngine", "{82823C29-F2C7-4A88-AA1A-ECF65B36305E}"
EndProject
Project("{2150E333-8FDC-42A3-9474-1A3956D46DE8}") = "UnityEditor", "UnityEditor", "{2F61798F-63C5-470A-A1B3-0BD3E9E1400B}"
EndProject
Project("{FAE04EC0-301F-11D3-BF4B-00C04F79EFBC}") = "UnityEngine.Dist.6000", "UnityEngine\UnityEngine.Dist.6000\UnityEngine.Dist.6000.csproj", "{0FF849D5-48EF-4E83-87CE-6EFF007E2EB1}"
EndProject
Project("{FAE04EC0-301F-11D3-BF4B-00C04F79EFBC}") = "IziLiquiMap.Dist.UnityExample", "Bundles\IziLiquiMap\IziLiquiMap.Dist.UnityExample\IziLiquiMap.Dist.UnityExample.csproj", "{F7036F07-1741-41D2-A1DB-028982412ABC}"
EndProject
Project("{FAE04EC0-301F-11D3-BF4B-00C04F79EFBC}") = "UnityEditor.Dist.6000", "UnityEditor\UnityEditor.Dist.6000\UnityEditor.Dist.6000.csproj", "{42E2D713-16CE-41A8-8C4C-EDF548D4338D}"
EndProject
Project("{2150E333-8FDC-42A3-9474-1A3956D46DE8}") = "UnityBundles", "UnityBundles", "{3E49CF7C-9867-4342-B5F2-3222641645D0}"
EndProject
Project("{2150E333-8FDC-42A3-9474-1A3956D46DE8}") = "dist", "dist", "{77CE6511-F798-4BFB-896E-08CBEE85DA63}"
EndProject
Project("{FAE04EC0-301F-11D3-BF4B-00C04F79EFBC}") = "Geometry.Dist.Unity", "Bundles\Geometry\Geometry.Dist.Unity\Geometry.Dist.Unity.csproj", "{59E4E11C-3866-435F-9DF6-F732C522C714}"
EndProject
Project("{FAE04EC0-301F-11D3-BF4B-00C04F79EFBC}") = "IziLiquiMap.UnitTests", "Bundles\IziLiquiMap\IziLiquiMap.UnitTests\IziLiquiMap.UnitTests.csproj", "{54D6D540-D326-4481-8327-A0A9F672E604}"
EndProject
Project("{2150E333-8FDC-42A3-9474-1A3956D46DE8}") = "Value Objects", "Value Objects", "{47C9DF9C-6E5A-4D88-917C-3DCC10494E8C}"
EndProject
Project("{2150E333-8FDC-42A3-9474-1A3956D46DE8}") = "dist", "dist", "{6CB809B1-FA7D-49E1-9B65-4C3A9B17F4A3}"
EndProject
Project("{2150E333-8FDC-42A3-9474-1A3956D46DE8}") = "src", "src", "{AB026514-56A4-47D3-ABD2-C098A3EF4441}"
EndProject
Project("{FAE04EC0-301F-11D3-BF4B-00C04F79EFBC}") = "IziHardGames.ValueObjects.Contracts", "Bundles\Value Objects\src\IziHardGames.ValueObjects.Contracts\IziHardGames.ValueObjects.Contracts.csproj", "{CA82B6A5-076F-4ADE-9C50-F452304B57BE}"
EndProject
Project("{FAE04EC0-301F-11D3-BF4B-00C04F79EFBC}") = "IziHardGames.ValueObjects.Primitives", "Bundles\Value Objects\src\IziHardGames.ValueObjects\IziHardGames.ValueObjects.Primitives.csproj", "{59CB7AD8-A2FE-4B61-BC2F-E7DAE62A3E90}"
EndProject
Project("{FAE04EC0-301F-11D3-BF4B-00C04F79EFBC}") = "IziHardGames.ValueObjects.Dist.Unity", "Bundles\Value Objects\dist\IziHardGames.ValueObjects.Dist.Unity\IziHardGames.ValueObjects.Dist.Unity.csproj", "{C378B6EB-FC00-4CCB-B69E-6CD9D5FDC5D9}"
EndProject
Project("{2150E333-8FDC-42A3-9474-1A3956D46DE8}") = "Event Sourcing", "Event Sourcing", "{23AD0055-4C54-4D55-8EF8-6E0B42118F38}"
EndProject
Project("{2150E333-8FDC-42A3-9474-1A3956D46DE8}") = "dist", "dist", "{03A2C5C1-7E9D-46AF-99BF-9CA415D4E24B}"
EndProject
Project("{2150E333-8FDC-42A3-9474-1A3956D46DE8}") = "src", "src", "{E79025CA-6B93-4C55-B67C-08AD6708670F}"
EndProject
Project("{FAE04EC0-301F-11D3-BF4B-00C04F79EFBC}") = "IziHardGames.EventSourcing.Dist.Unity", "Bundles\Event Sourcing\dist\IziHardGames.EventSourcing.Contracts\IziHardGames.EventSourcing.Dist.Unity.csproj", "{F1187072-E346-492C-8A91-D0D8C2650AF7}"
EndProject
Project("{FAE04EC0-301F-11D3-BF4B-00C04F79EFBC}") = "IziHardGames.EventSourcing.Contracts", "Bundles\Event Sourcing\src\IziHardGames.EventSourcing.Contracts\IziHardGames.EventSourcing.Contracts.csproj", "{0088DDC6-8C1A-4908-9DC8-1C444ADCF500}"
EndProject
Project("{2150E333-8FDC-42A3-9474-1A3956D46DE8}") = "User Control", "User Control", "{1438B52B-FF82-4A07-B21E-2A5CEFF9B250}"
EndProject
Project("{2150E333-8FDC-42A3-9474-1A3956D46DE8}") = "dist", "dist", "{D36AC5D1-7AFF-4B6B-B3F9-D0F5A29BAF20}"
EndProject
Project("{2150E333-8FDC-42A3-9474-1A3956D46DE8}") = "src", "src", "{DF4F4D3D-C770-4299-9177-6AAB4FBAD805}"
EndProject
Project("{FAE04EC0-301F-11D3-BF4B-00C04F79EFBC}") = "IziHardGames.UserControl.Contracts", "Bundles\User Control\src\IziHardGames.UserControl.Contracts\IziHardGames.UserControl.Contracts.csproj", "{769FA2E7-D7F9-498D-8BF8-4AB718DBBFF4}"
EndProject
Project("{FAE04EC0-301F-11D3-BF4B-00C04F79EFBC}") = "IziHardGames.UserControl.Dist.Unity", "Bundles\User Control\dist\IziHardGames.UserControl.Dist.Unity\IziHardGames.UserControl.Dist.Unity.csproj", "{807ED7E9-4B19-4797-ACB2-879D5B4EBF86}"
EndProject
Project("{FAE04EC0-301F-11D3-BF4B-00C04F79EFBC}") = "IziHardGames.UserControl.GridSelector", "Bundles\User Control\src\IziHardGames.UserControl.GridSelector\IziHardGames.UserControl.GridSelector.csproj", "{0E18DEC7-14B5-4364-84B7-2FBA6240258A}"
EndProject
Project("{FAE04EC0-301F-11D3-BF4B-00C04F79EFBC}") = "IziHardGames.UserControl.Domain", "Bundles\User Control\src\IziHardGames.UserControl.Domain\IziHardGames.UserControl.Domain.csproj", "{FD6B09E3-79CF-4E0F-BD3C-BA39071BE2DC}"
EndProject
Project("{2150E333-8FDC-42A3-9474-1A3956D46DE8}") = "Graphs", "Graphs", "{EE0C3435-8B92-4560-8090-53D1AA000F57}"
EndProject
Project("{2150E333-8FDC-42A3-9474-1A3956D46DE8}") = "dist", "dist", "{5ADA0A73-BFBB-4A6C-AC61-FF4B47FF1368}"
EndProject
Project("{2150E333-8FDC-42A3-9474-1A3956D46DE8}") = "src", "src", "{CD250D7A-3999-41DD-B1C9-CA075B01AF22}"
EndProject
Project("{FAE04EC0-301F-11D3-BF4B-00C04F79EFBC}") = "IziHardGames.Graphs.Unity", "Bundles\Graphs\src\IziHardGames.Libs.Graphs.Engine\IziHardGames.Graphs.Unity.csproj", "{B84BC33B-53FF-4DB5-A875-803FC4A90789}"
EndProject
Project("{FAE04EC0-301F-11D3-BF4B-00C04F79EFBC}") = "IziHardGames.Graphs", "Bundles\Graphs\src\IziHardGames.Libs.Graphs.NonEngine\IziHardGames.Graphs.csproj", "{134505E1-2B36-4BD6-8DF0-8178686E9E53}"
EndProject
Project("{2150E333-8FDC-42A3-9474-1A3956D46DE8}") = "Unsorted", "Unsorted", "{2DBB9097-E350-44CC-B24F-66D4525E68F1}"
EndProject
Project("{FAE04EC0-301F-11D3-BF4B-00C04F79EFBC}") = "IziHardGames.DotNetPrimitives", "Unsorted\com.izihardgames.extensions.netstd21\IziHardGames.DotNetPrimitives.csproj", "{9A40762F-AEA1-43A4-869C-CB9582884A51}"
EndProject
Project("{FAE04EC0-301F-11D3-BF4B-00C04F79EFBC}") = "IziHardGames.UnityTypes.Dist", "Unsorted\com.izihardgames.extensions.unity\IziHardGames.UnityTypes.Dist.csproj", "{6751F125-A038-4B06-AA1B-74DB7EBD61AA}"
EndProject
Project("{FAE04EC0-301F-11D3-BF4B-00C04F79EFBC}") = "izhg.helpers-primitive-types.netstd21", "Unsorted\com.izihardgames.helpers-primitive-types.netstd21\izhg.helpers-primitive-types.netstd21.csproj", "{4CF517F7-B850-43E4-B64E-91F3B248235D}"
EndProject
Project("{2150E333-8FDC-42A3-9474-1A3956D46DE8}") = ".Common", ".Common", "{B4CEE3EE-DDDF-411D-BBA8-0D1EDF60223E}"
EndProject
Project("{2150E333-8FDC-42A3-9474-1A3956D46DE8}") = "dist", "dist", "{B8E8BD4F-DC72-4F26-AF00-3286AA33CB6B}"
EndProject
Project("{2150E333-8FDC-42A3-9474-1A3956D46DE8}") = "src", "src", "{A98BBB48-7133-43A0-995D-42467CC41C2B}"
EndProject
Project("{FAE04EC0-301F-11D3-BF4B-00C04F79EFBC}") = "IziHardGames.CustomTypesForUnity", "Unsorted\com.izihardgames.custom-types\IziHardGames.CustomTypesForUnity.csproj", "{2097281A-9E62-48B4-B422-E8E78C848201}"
EndProject
Project("{FAE04EC0-301F-11D3-BF4B-00C04F79EFBC}") = "IziHardGames.Graphs.Contracts", "Bundles\Graphs\src\IziHardGames.Graphs.Contracts\IziHardGames.Graphs.Contracts.csproj", "{4267DAA1-85A4-46E3-A5EC-7E8AB8BF29BE}"
EndProject
Project("{2150E333-8FDC-42A3-9474-1A3956D46DE8}") = "Camera", "Camera", "{6D45818A-7395-4357-A564-7DCEB7785B01}"
EndProject
Project("{2150E333-8FDC-42A3-9474-1A3956D46DE8}") = "src", "src", "{3ECD23E2-9AD6-46E9-8872-16372DF3963E}"
EndProject
Project("{2150E333-8FDC-42A3-9474-1A3956D46DE8}") = "dist", "dist", "{7B3475B6-AD32-4740-B0F2-A18991C4A67A}"
EndProject
Project("{FAE04EC0-301F-11D3-BF4B-00C04F79EFBC}") = "IziHardGames.Cameras.Unity", "Bundles\Camera\src\IziHardGames.Camera.Unity\IziHardGames.Cameras.Unity.csproj", "{F891F55C-4B11-4875-AEAB-7A8B7588F3DD}"
EndProject
Project("{FAE04EC0-301F-11D3-BF4B-00C04F79EFBC}") = "UnityEngine.Dist.InputSystem", "UnityEngine\UnityEngine.InputSystem\UnityEngine.Dist.InputSystem.csproj", "{C2FFC33B-36B4-495F-A6EF-27322A5B834C}"
EndProject
Project("{2150E333-8FDC-42A3-9474-1A3956D46DE8}") = "IziMoving", "IziMoving", "{DFEF7932-1FF7-443B-95E5-A0AE60937496}"
EndProject
Project("{2150E333-8FDC-42A3-9474-1A3956D46DE8}") = "dist", "dist", "{54CD6015-29EA-482D-A89F-87EC1F1E5FE9}"
EndProject
Project("{2150E333-8FDC-42A3-9474-1A3956D46DE8}") = "src", "src", "{77B89680-CFE1-4120-BAD9-DF5A42532CC4}"
EndProject
Project("{FAE04EC0-301F-11D3-BF4B-00C04F79EFBC}") = "IziHardGames.IziMoving.Trajectory", "Bundles\IziMoving\src\Trajectory Moving\IziHardGames.IziMoving.Trajectory.csproj", "{0551F0F8-7DD4-4766-AAD6-2A1575B91E76}"
EndProject
Project("{FAE04EC0-301F-11D3-BF4B-00C04F79EFBC}") = "IziHardGames.IziMoving.Contracts", "Bundles\IziMoving\src\IziHardGames.Moving.Contracts\IziHardGames.IziMoving.Contracts.csproj", "{09D578AE-B64B-4B79-9538-40DD254F749E}"
EndProject
Project("{2150E333-8FDC-42A3-9474-1A3956D46DE8}") = "Commands", "Commands", "{02EA681E-C7D8-13C7-8484-4AC65E1B71E8}"
EndProject
Project("{2150E333-8FDC-42A3-9474-1A3956D46DE8}") = "src", "src", "{79F7B472-7F6E-444F-99D0-98ECFAE01C85}"
EndProject
Project("{2150E333-8FDC-42A3-9474-1A3956D46DE8}") = "dist", "dist", "{7F2B1BB0-0D75-479D-B08C-D2D5D43EF3DC}"
EndProject
Project("{FAE04EC0-301F-11D3-BF4B-00C04F79EFBC}") = "IziHardGames.Commands.Contracts", "Bundles\Commands\src\IziHardGames.Commands.Contracts\IziHardGames.Commands.Contracts.csproj", "{BA3273E8-7B36-4B71-9FA9-BB524338B090}"
EndProject
Project("{FAE04EC0-301F-11D3-BF4B-00C04F79EFBC}") = "IziHardGames.Commands.Dist.Unity", "Bundles\Commands\dist\IziHardGames.Commands.Dist.Unity\IziHardGames.Commands.Dist.Unity.csproj", "{DA5A865B-1806-4649-800D-2CBBAB1EE7EB}"
EndProject
Project("{2150E333-8FDC-42A3-9474-1A3956D46DE8}") = "Units", "Units", "{D7AC6FCB-8BD5-4C7F-851F-46F0A2C98886}"
EndProject
Project("{2150E333-8FDC-42A3-9474-1A3956D46DE8}") = "src", "src", "{D7C97218-0C69-46EC-A0D0-C5FBDF28DFFD}"
EndProject
Project("{2150E333-8FDC-42A3-9474-1A3956D46DE8}") = "dist", "dist", "{83E01DBB-CF6B-404C-92F6-164D6A8BBC22}"
EndProject
Project("{2150E333-8FDC-42A3-9474-1A3956D46DE8}") = "UnityApps", "UnityApps", "{97078E0D-D461-425D-8129-A201202263D4}"
EndProject
Project("{2150E333-8FDC-42A3-9474-1A3956D46DE8}") = "src", "src", "{5A13F3FE-72B0-403A-B0C2-8BCA17B2D229}"
EndProject
Project("{2150E333-8FDC-42A3-9474-1A3956D46DE8}") = "dist", "dist", "{E13C719C-53D9-4FA2-9590-C76A927E4368}"
EndProject
Project("{FAE04EC0-301F-11D3-BF4B-00C04F79EFBC}") = "IziHardGames.UnityApps.Contracts", "Bundles\UnityApps\src\IziHardGames.UnityApps.Contracts\IziHardGames.UnityApps.Contracts.csproj", "{9A3D9097-6E1E-4F1E-8B4D-C7392D93A8A0}"
EndProject
Project("{FAE04EC0-301F-11D3-BF4B-00C04F79EFBC}") = "IziHardGames.UnityApps.Attributes", "Bundles\.Common\IziHardGames.UnityApps.Attributes\IziHardGames.UnityApps.Attributes.csproj", "{945AA520-2009-47B8-BC72-3439C819AE67}"
EndProject
Project("{FAE04EC0-301F-11D3-BF4B-00C04F79EFBC}") = "IziHardGames.UnityApps.Attributes.Dist.Unity", "Bundles\.Common\dist\IziHardGames.UnityApps.Attributes.Dist.Unity\IziHardGames.UnityApps.Attributes.Dist.Unity.csproj", "{AEC7EA94-B990-432F-B057-2CBEEF068C20}"
EndProject
Project("{FAE04EC0-301F-11D3-BF4B-00C04F79EFBC}") = "IziHardGames.UnityApps.Constructor", "Bundles\UnityApps\src\IziHardGames.UnityApps.Constructor\IziHardGames.UnityApps.Constructor.csproj", "{A439988C-49A5-466D-9BC7-5B8B63173781}"
EndProject
Project("{FAE04EC0-301F-11D3-BF4B-00C04F79EFBC}") = "IziHardGames.UnityApps.Constructor.Editor", "Bundles\UnityApps\src\IziHardGames.UnityApps.Constructor.Editor\IziHardGames.UnityApps.Constructor.Editor.csproj", "{53C98870-A47A-46C8-884F-8D276B8A122A}"
EndProject
Project("{FAE04EC0-301F-11D3-BF4B-00C04F79EFBC}") = "IziHardGames.UnityApps.Domain", "Bundles\UnityApps\src\IziHardGames.UnityApps.Domain\IziHardGames.UnityApps.Domain.csproj", "{B42A51A0-821C-4E3C-8ABC-6043A6016304}"
EndProject
Project("{2150E333-8FDC-42A3-9474-1A3956D46DE8}") = "IziEditor", "IziEditor", "{7BC2BDE6-842C-4DE1-9A70-ED07A831F6A3}"
EndProject
Project("{2150E333-8FDC-42A3-9474-1A3956D46DE8}") = "src", "src", "{C4EFB19B-A5E0-45CD-BF96-525991958DDF}"
EndProject
Project("{FAE04EC0-301F-11D3-BF4B-00C04F79EFBC}") = "IziHardGames.IziUnityEditor", "Bundles\IziEditor\src\IziHardGames.IziEditor\IziHardGames.IziUnityEditor.csproj", "{3C13004F-BB50-4075-A157-7A6F79BA3FD4}"
EndProject
Project("{2150E333-8FDC-42A3-9474-1A3956D46DE8}") = "dist", "dist", "{99FB3D5D-CDC7-4F6E-BD69-5DFFA167B3F3}"
EndProject
Project("{2150E333-8FDC-42A3-9474-1A3956D46DE8}") = "DependencyInjection", "DependencyInjection", "{827F3258-08AF-4C1C-924F-CBA9038CEAAE}"
EndProject
Project("{2150E333-8FDC-42A3-9474-1A3956D46DE8}") = "src", "src", "{02F45DE8-BC6D-417A-B87C-7024566280C5}"
EndProject
Project("{FAE04EC0-301F-11D3-BF4B-00C04F79EFBC}") = "IziHardGames.DependencyInjection.Contracts", "Bundles\DependencyInjection\src\IziHardGames.DependencyInjection.Contracts\IziHardGames.DependencyInjection.Contracts.csproj", "{D6881398-017C-4AA6-8061-4C80EB505655}"
EndProject
Project("{FAE04EC0-301F-11D3-BF4B-00C04F79EFBC}") = "IziHardGames.DependencyInjection", "Bundles\DependencyInjection\src\IziHardGames.DependencyInjection\IziHardGames.DependencyInjection.csproj", "{82675A3B-CB9B-4281-B906-368DBC3C27B8}"
EndProject
Project("{2150E333-8FDC-42A3-9474-1A3956D46DE8}") = "dist", "dist", "{0B165461-467D-48D0-AB98-3D607D411BE4}"
EndProject
Project("{FAE04EC0-301F-11D3-BF4B-00C04F79EFBC}") = "IziHardGames.DependencyInjection.Dist.Unity", "Bundles\DependencyInjection\dist\IziHardGames.DependencyInjection.Dist.Unity\IziHardGames.DependencyInjection.Dist.Unity.csproj", "{C95DD2C1-BB15-4B43-86EC-580C78A00900}"
EndProject
Project("{FAE04EC0-301F-11D3-BF4B-00C04F79EFBC}") = "IziHardGames.UnityApps.Dist.Unity", "Bundles\UnityApps\dist\IziHardGames.UnityApps.Dist.Unity\IziHardGames.UnityApps.Dist.Unity.csproj", "{880BD9FE-99F7-4908-AEC4-69939E44B99F}"
EndProject
Project("{FAE04EC0-301F-11D3-BF4B-00C04F79EFBC}") = "IziHardGames.Refs.NetCore", "Bundles\.Common\dist\IziHardGames.Refs.NetCore\IziHardGames.Refs.NetCore.csproj", "{723750DA-7C66-4A06-8100-84ACD88099A4}"
EndProject
Project("{FAE04EC0-301F-11D3-BF4B-00C04F79EFBC}") = "IziHardGames.UnityApps.Application", "Bundles\UnityApps\src\IziHardGames.UnityApps.Application\IziHardGames.UnityApps.Application.csproj", "{1BC9A3AA-0339-466B-8FDE-786F08762426}"
EndProject
Project("{FAE04EC0-301F-11D3-BF4B-00C04F79EFBC}") = "IziHardGames.EventSourcing.Application", "Bundles\Event Sourcing\src\IziHardGames.EventSourcing.Application\IziHardGames.EventSourcing.Application.csproj", "{76B73903-74D8-45B8-A066-2EEDA611041C}"
EndProject
Project("{FAE04EC0-301F-11D3-BF4B-00C04F79EFBC}") = "IziHardGames.EventSourcing.Mono", "Bundles\Event Sourcing\src\IziHardGames.EventSourcing.Mono\IziHardGames.EventSourcing.Mono.csproj", "{6752D936-F6F9-428F-BB7F-1FEFC22A77A4}"
EndProject
Project("{2150E333-8FDC-42A3-9474-1A3956D46DE8}") = "Playgrounds", "Playgrounds", "{8455B20E-C11A-4FE0-8E17-FA0DC0B77B84}"
EndProject
Project("{FAE04EC0-301F-11D3-BF4B-00C04F79EFBC}") = "Playground.Console", "Playgrounds\Playground.Console\Playground.Console.csproj", "{B5CDBEB2-5C76-4A73-95EC-D379BCAF4923}"
EndProject
Project("{2150E333-8FDC-42A3-9474-1A3956D46DE8}") = "Scenes", "Scenes", "{BE3E79D9-2194-4D94-AEC6-99E3DC432A71}"
EndProject
Project("{FAE04EC0-301F-11D3-BF4B-00C04F79EFBC}") = "IziHardGames.UnityApps.Scenes.Contracts", "Bundles\Scenes\src\IziHardGames.UnityApps.Scenes.Contracts\IziHardGames.UnityApps.Scenes.Contracts.csproj", "{08F47478-2FCE-4876-9F81-36E850ABAE4C}"
EndProject
Project("{2150E333-8FDC-42A3-9474-1A3956D46DE8}") = "src", "src", "{2D2165D6-9787-4FC1-A7FD-10E607889E2E}"
EndProject
Project("{2150E333-8FDC-42A3-9474-1A3956D46DE8}") = "dist", "dist", "{3ACCA72B-978A-407B-B5DF-B3EDE69D89E8}"
EndProject
Project("{FAE04EC0-301F-11D3-BF4B-00C04F79EFBC}") = "IziHardGames.UnityApps.Scenes", "Bundles\Scenes\src\IziHardGames.UnityApps.Scenes\IziHardGames.UnityApps.Scenes.csproj", "{39055536-FA6B-4111-83BA-9491EC02BC29}"
EndProject
Project("{FAE04EC0-301F-11D3-BF4B-00C04F79EFBC}") = "IziHardGames.UnityApps.Scenes.Ecs", "Bundles\Scenes\src\IziHardGames.UnityApps.Scenes.Ecs\IziHardGames.UnityApps.Scenes.Ecs.csproj", "{D5992F84-2949-488C-B196-CBE15F351BED}"
EndProject
Project("{FAE04EC0-301F-11D3-BF4B-00C04F79EFBC}") = "IziHardGames.UnityApps.Scenes.Async", "Bundles\Scenes\src\IziHardGames.UnityApps.Scenes.Async\IziHardGames.UnityApps.Scenes.Async.csproj", "{21DCA0EF-A41F-4AE8-AC30-F6E187D8F47B}"
EndProject
Project("{FAE04EC0-301F-11D3-BF4B-00C04F79EFBC}") = "IziHardGames.UnityApps.Scenes.Dist.Unity", "Bundles\Scenes\dist\IziHardGames.UnityApps.Scenes.Dist.Unity\IziHardGames.UnityApps.Scenes.Dist.Unity.csproj", "{18551441-50FC-45D3-9DF4-B18625CC9AF1}"
EndProject
Project("{FAE04EC0-301F-11D3-BF4B-00C04F79EFBC}") = "IziHardGames.DependencyInjection.Unity", "Bundles\DependencyInjection\src\IziHardGames.DependencyInjection.Unity\IziHardGames.DependencyInjection.Unity.csproj", "{028AA142-80A5-409F-8DD2-D33C69734E8A}"
EndProject
Project("{FAE04EC0-301F-11D3-BF4B-00C04F79EFBC}") = "IziHardGames.Units.Contracts", "Bundles\Units\src\IziHardGames.Units.Contracts\IziHardGames.Units.Contracts.csproj", "{F9F79177-3F96-4867-B149-F6346A852A51}"
EndProject
Project("{FAE04EC0-301F-11D3-BF4B-00C04F79EFBC}") = "IziHardGames.Units.Dist.Unity", "Bundles\Units\dist\IziHardGames.Units.Dist.Unity\IziHardGames.Units.Dist.Unity.csproj", "{180743ED-8CBE-4529-9515-E2F60F500BED}"
EndProject
Project("{FAE04EC0-301F-11D3-BF4B-00C04F79EFBC}") = "IziHardGames.IziMoving.RVO2", "Bundles\IziMoving\src\IziHardGames.IziMoving.RVO2\IziHardGames.IziMoving.RVO2.csproj", "{5864A9CE-410B-470C-8FA6-9D93A4FCBBFD}"
EndProject
Project("{FAE04EC0-301F-11D3-BF4B-00C04F79EFBC}") = "IziHardGames.IziMoving.Dist.Unity", "Bundles\IziMoving\dist\IziHardGames.IziMoving.Dist.Unity\IziHardGames.IziMoving.Dist.Unity.csproj", "{EA6F142B-59C3-40FE-A6A9-ACCA722F8E18}"
EndProject
Project("{2150E333-8FDC-42A3-9474-1A3956D46DE8}") = "tests", "tests", "{5953EB33-4D5B-447A-8CEB-27CDC42B2255}"
EndProject
Project("{FAE04EC0-301F-11D3-BF4B-00C04F79EFBC}") = "IziHardGames.IziMoving.RVO2.UnitTests", "Bundles\IziMoving\tests\IziHardGames.IziMoving.RVO2.UnitTests\IziHardGames.IziMoving.RVO2.UnitTests.csproj", "{3FE93F20-0D7D-4B09-B79D-16AA36F10CF5}"
EndProject
Project("{FAE04EC0-301F-11D3-BF4B-00C04F79EFBC}") = "IziHardGames.Pools.Dist.Unity", "Bundles\.Common\dist\IziHardGames.Pools.Dist.Unity\IziHardGames.Pools.Dist.Unity.csproj", "{3DCF71D5-895B-49E1-9302-F0A4BEE5CC5C}"
EndProject
Global
	GlobalSection(SolutionConfigurationPlatforms) = preSolution
		Debug|Any CPU = Debug|Any CPU
		Release|Any CPU = Release|Any CPU
		Unity|Any CPU = Unity|Any CPU
	EndGlobalSection
	GlobalSection(ProjectConfigurationPlatforms) = postSolution
		{3E548E68-831B-49C0-B30A-6E2159D30954}.Debug|Any CPU.ActiveCfg = Debug|Any CPU
		{3E548E68-831B-49C0-B30A-6E2159D30954}.Debug|Any CPU.Build.0 = Debug|Any CPU
		{3E548E68-831B-49C0-B30A-6E2159D30954}.Release|Any CPU.ActiveCfg = Release|Any CPU
		{3E548E68-831B-49C0-B30A-6E2159D30954}.Release|Any CPU.Build.0 = Release|Any CPU
		{3E548E68-831B-49C0-B30A-6E2159D30954}.Unity|Any CPU.ActiveCfg = Unity|Any CPU
		{3E548E68-831B-49C0-B30A-6E2159D30954}.Unity|Any CPU.Build.0 = Unity|Any CPU
		{6450F0DC-B41D-4442-B715-0E6621B4FA4E}.Debug|Any CPU.ActiveCfg = Debug|Any CPU
		{6450F0DC-B41D-4442-B715-0E6621B4FA4E}.Debug|Any CPU.Build.0 = Debug|Any CPU
		{6450F0DC-B41D-4442-B715-0E6621B4FA4E}.Release|Any CPU.ActiveCfg = Release|Any CPU
		{6450F0DC-B41D-4442-B715-0E6621B4FA4E}.Release|Any CPU.Build.0 = Release|Any CPU
		{6450F0DC-B41D-4442-B715-0E6621B4FA4E}.Unity|Any CPU.ActiveCfg = Release|Any CPU
		{6450F0DC-B41D-4442-B715-0E6621B4FA4E}.Unity|Any CPU.Build.0 = Release|Any CPU
		{985B5DFA-402D-4FEB-9DE9-9E0A8C956CBC}.Debug|Any CPU.ActiveCfg = Debug|Any CPU
		{985B5DFA-402D-4FEB-9DE9-9E0A8C956CBC}.Debug|Any CPU.Build.0 = Debug|Any CPU
		{985B5DFA-402D-4FEB-9DE9-9E0A8C956CBC}.Release|Any CPU.ActiveCfg = Release|Any CPU
		{985B5DFA-402D-4FEB-9DE9-9E0A8C956CBC}.Release|Any CPU.Build.0 = Release|Any CPU
		{985B5DFA-402D-4FEB-9DE9-9E0A8C956CBC}.Unity|Any CPU.ActiveCfg = Release|Any CPU
		{985B5DFA-402D-4FEB-9DE9-9E0A8C956CBC}.Unity|Any CPU.Build.0 = Release|Any CPU
		{1CB3A0E6-350D-410C-B313-B1F730D6A7B0}.Debug|Any CPU.ActiveCfg = Debug|Any CPU
		{1CB3A0E6-350D-410C-B313-B1F730D6A7B0}.Debug|Any CPU.Build.0 = Debug|Any CPU
		{1CB3A0E6-350D-410C-B313-B1F730D6A7B0}.Release|Any CPU.ActiveCfg = Release|Any CPU
		{1CB3A0E6-350D-410C-B313-B1F730D6A7B0}.Release|Any CPU.Build.0 = Release|Any CPU
		{1CB3A0E6-350D-410C-B313-B1F730D6A7B0}.Unity|Any CPU.ActiveCfg = Release|Any CPU
		{1CB3A0E6-350D-410C-B313-B1F730D6A7B0}.Unity|Any CPU.Build.0 = Release|Any CPU
		{861725A8-E9CF-4734-A512-1BFC0A16EE5C}.Debug|Any CPU.ActiveCfg = Debug|Any CPU
		{861725A8-E9CF-4734-A512-1BFC0A16EE5C}.Debug|Any CPU.Build.0 = Debug|Any CPU
		{861725A8-E9CF-4734-A512-1BFC0A16EE5C}.Release|Any CPU.ActiveCfg = Release|Any CPU
		{861725A8-E9CF-4734-A512-1BFC0A16EE5C}.Release|Any CPU.Build.0 = Release|Any CPU
		{861725A8-E9CF-4734-A512-1BFC0A16EE5C}.Unity|Any CPU.ActiveCfg = Release|Any CPU
		{861725A8-E9CF-4734-A512-1BFC0A16EE5C}.Unity|Any CPU.Build.0 = Release|Any CPU
		{0FF849D5-48EF-4E83-87CE-6EFF007E2EB1}.Debug|Any CPU.ActiveCfg = Debug|Any CPU
		{0FF849D5-48EF-4E83-87CE-6EFF007E2EB1}.Debug|Any CPU.Build.0 = Debug|Any CPU
		{0FF849D5-48EF-4E83-87CE-6EFF007E2EB1}.Release|Any CPU.ActiveCfg = Release|Any CPU
		{0FF849D5-48EF-4E83-87CE-6EFF007E2EB1}.Release|Any CPU.Build.0 = Release|Any CPU
		{0FF849D5-48EF-4E83-87CE-6EFF007E2EB1}.Unity|Any CPU.ActiveCfg = Debug|Any CPU
		{0FF849D5-48EF-4E83-87CE-6EFF007E2EB1}.Unity|Any CPU.Build.0 = Debug|Any CPU
		{F7036F07-1741-41D2-A1DB-028982412ABC}.Debug|Any CPU.ActiveCfg = Debug|Any CPU
		{F7036F07-1741-41D2-A1DB-028982412ABC}.Debug|Any CPU.Build.0 = Debug|Any CPU
		{F7036F07-1741-41D2-A1DB-028982412ABC}.Release|Any CPU.ActiveCfg = Release|Any CPU
		{F7036F07-1741-41D2-A1DB-028982412ABC}.Release|Any CPU.Build.0 = Release|Any CPU
		{F7036F07-1741-41D2-A1DB-028982412ABC}.Unity|Any CPU.ActiveCfg = Unity|Any CPU
		{F7036F07-1741-41D2-A1DB-028982412ABC}.Unity|Any CPU.Build.0 = Unity|Any CPU
		{42E2D713-16CE-41A8-8C4C-EDF548D4338D}.Debug|Any CPU.ActiveCfg = Debug|Any CPU
		{42E2D713-16CE-41A8-8C4C-EDF548D4338D}.Debug|Any CPU.Build.0 = Debug|Any CPU
		{42E2D713-16CE-41A8-8C4C-EDF548D4338D}.Release|Any CPU.ActiveCfg = Release|Any CPU
		{42E2D713-16CE-41A8-8C4C-EDF548D4338D}.Release|Any CPU.Build.0 = Release|Any CPU
		{42E2D713-16CE-41A8-8C4C-EDF548D4338D}.Unity|Any CPU.ActiveCfg = Debug|Any CPU
		{42E2D713-16CE-41A8-8C4C-EDF548D4338D}.Unity|Any CPU.Build.0 = Debug|Any CPU
		{59E4E11C-3866-435F-9DF6-F732C522C714}.Debug|Any CPU.ActiveCfg = Debug|Any CPU
		{59E4E11C-3866-435F-9DF6-F732C522C714}.Debug|Any CPU.Build.0 = Debug|Any CPU
		{59E4E11C-3866-435F-9DF6-F732C522C714}.Release|Any CPU.ActiveCfg = Release|Any CPU
		{59E4E11C-3866-435F-9DF6-F732C522C714}.Release|Any CPU.Build.0 = Release|Any CPU
		{59E4E11C-3866-435F-9DF6-F732C522C714}.Unity|Any CPU.ActiveCfg = Debug|Any CPU
		{59E4E11C-3866-435F-9DF6-F732C522C714}.Unity|Any CPU.Build.0 = Debug|Any CPU
		{54D6D540-D326-4481-8327-A0A9F672E604}.Debug|Any CPU.ActiveCfg = Debug|Any CPU
		{54D6D540-D326-4481-8327-A0A9F672E604}.Debug|Any CPU.Build.0 = Debug|Any CPU
		{54D6D540-D326-4481-8327-A0A9F672E604}.Release|Any CPU.ActiveCfg = Release|Any CPU
		{54D6D540-D326-4481-8327-A0A9F672E604}.Release|Any CPU.Build.0 = Release|Any CPU
		{54D6D540-D326-4481-8327-A0A9F672E604}.Unity|Any CPU.ActiveCfg = Debug|Any CPU
		{54D6D540-D326-4481-8327-A0A9F672E604}.Unity|Any CPU.Build.0 = Debug|Any CPU
		{CA82B6A5-076F-4ADE-9C50-F452304B57BE}.Debug|Any CPU.ActiveCfg = Debug|Any CPU
		{CA82B6A5-076F-4ADE-9C50-F452304B57BE}.Debug|Any CPU.Build.0 = Debug|Any CPU
		{CA82B6A5-076F-4ADE-9C50-F452304B57BE}.Release|Any CPU.ActiveCfg = Release|Any CPU
		{CA82B6A5-076F-4ADE-9C50-F452304B57BE}.Release|Any CPU.Build.0 = Release|Any CPU
		{CA82B6A5-076F-4ADE-9C50-F452304B57BE}.Unity|Any CPU.ActiveCfg = Debug|Any CPU
		{CA82B6A5-076F-4ADE-9C50-F452304B57BE}.Unity|Any CPU.Build.0 = Debug|Any CPU
		{59CB7AD8-A2FE-4B61-BC2F-E7DAE62A3E90}.Debug|Any CPU.ActiveCfg = Debug|Any CPU
		{59CB7AD8-A2FE-4B61-BC2F-E7DAE62A3E90}.Debug|Any CPU.Build.0 = Debug|Any CPU
		{59CB7AD8-A2FE-4B61-BC2F-E7DAE62A3E90}.Release|Any CPU.ActiveCfg = Release|Any CPU
		{59CB7AD8-A2FE-4B61-BC2F-E7DAE62A3E90}.Release|Any CPU.Build.0 = Release|Any CPU
		{59CB7AD8-A2FE-4B61-BC2F-E7DAE62A3E90}.Unity|Any CPU.ActiveCfg = Debug|Any CPU
		{59CB7AD8-A2FE-4B61-BC2F-E7DAE62A3E90}.Unity|Any CPU.Build.0 = Debug|Any CPU
		{C378B6EB-FC00-4CCB-B69E-6CD9D5FDC5D9}.Debug|Any CPU.ActiveCfg = Debug|Any CPU
		{C378B6EB-FC00-4CCB-B69E-6CD9D5FDC5D9}.Debug|Any CPU.Build.0 = Debug|Any CPU
		{C378B6EB-FC00-4CCB-B69E-6CD9D5FDC5D9}.Release|Any CPU.ActiveCfg = Release|Any CPU
		{C378B6EB-FC00-4CCB-B69E-6CD9D5FDC5D9}.Release|Any CPU.Build.0 = Release|Any CPU
		{C378B6EB-FC00-4CCB-B69E-6CD9D5FDC5D9}.Unity|Any CPU.ActiveCfg = Debug|Any CPU
		{C378B6EB-FC00-4CCB-B69E-6CD9D5FDC5D9}.Unity|Any CPU.Build.0 = Debug|Any CPU
		{F1187072-E346-492C-8A91-D0D8C2650AF7}.Debug|Any CPU.ActiveCfg = Debug|Any CPU
		{F1187072-E346-492C-8A91-D0D8C2650AF7}.Debug|Any CPU.Build.0 = Debug|Any CPU
		{F1187072-E346-492C-8A91-D0D8C2650AF7}.Release|Any CPU.ActiveCfg = Release|Any CPU
		{F1187072-E346-492C-8A91-D0D8C2650AF7}.Release|Any CPU.Build.0 = Release|Any CPU
		{F1187072-E346-492C-8A91-D0D8C2650AF7}.Unity|Any CPU.ActiveCfg = Debug|Any CPU
		{F1187072-E346-492C-8A91-D0D8C2650AF7}.Unity|Any CPU.Build.0 = Debug|Any CPU
		{0088DDC6-8C1A-4908-9DC8-1C444ADCF500}.Debug|Any CPU.ActiveCfg = Debug|Any CPU
		{0088DDC6-8C1A-4908-9DC8-1C444ADCF500}.Debug|Any CPU.Build.0 = Debug|Any CPU
		{0088DDC6-8C1A-4908-9DC8-1C444ADCF500}.Release|Any CPU.ActiveCfg = Release|Any CPU
		{0088DDC6-8C1A-4908-9DC8-1C444ADCF500}.Release|Any CPU.Build.0 = Release|Any CPU
		{0088DDC6-8C1A-4908-9DC8-1C444ADCF500}.Unity|Any CPU.ActiveCfg = Debug|Any CPU
		{0088DDC6-8C1A-4908-9DC8-1C444ADCF500}.Unity|Any CPU.Build.0 = Debug|Any CPU
		{769FA2E7-D7F9-498D-8BF8-4AB718DBBFF4}.Debug|Any CPU.ActiveCfg = Debug|Any CPU
		{769FA2E7-D7F9-498D-8BF8-4AB718DBBFF4}.Debug|Any CPU.Build.0 = Debug|Any CPU
		{769FA2E7-D7F9-498D-8BF8-4AB718DBBFF4}.Release|Any CPU.ActiveCfg = Release|Any CPU
		{769FA2E7-D7F9-498D-8BF8-4AB718DBBFF4}.Release|Any CPU.Build.0 = Release|Any CPU
		{769FA2E7-D7F9-498D-8BF8-4AB718DBBFF4}.Unity|Any CPU.ActiveCfg = Debug|Any CPU
		{769FA2E7-D7F9-498D-8BF8-4AB718DBBFF4}.Unity|Any CPU.Build.0 = Debug|Any CPU
		{807ED7E9-4B19-4797-ACB2-879D5B4EBF86}.Debug|Any CPU.ActiveCfg = Debug|Any CPU
		{807ED7E9-4B19-4797-ACB2-879D5B4EBF86}.Debug|Any CPU.Build.0 = Debug|Any CPU
		{807ED7E9-4B19-4797-ACB2-879D5B4EBF86}.Release|Any CPU.ActiveCfg = Release|Any CPU
		{807ED7E9-4B19-4797-ACB2-879D5B4EBF86}.Release|Any CPU.Build.0 = Release|Any CPU
		{807ED7E9-4B19-4797-ACB2-879D5B4EBF86}.Unity|Any CPU.ActiveCfg = Debug|Any CPU
		{807ED7E9-4B19-4797-ACB2-879D5B4EBF86}.Unity|Any CPU.Build.0 = Debug|Any CPU
		{0E18DEC7-14B5-4364-84B7-2FBA6240258A}.Debug|Any CPU.ActiveCfg = Debug|Any CPU
		{0E18DEC7-14B5-4364-84B7-2FBA6240258A}.Debug|Any CPU.Build.0 = Debug|Any CPU
		{0E18DEC7-14B5-4364-84B7-2FBA6240258A}.Release|Any CPU.ActiveCfg = Release|Any CPU
		{0E18DEC7-14B5-4364-84B7-2FBA6240258A}.Release|Any CPU.Build.0 = Release|Any CPU
		{0E18DEC7-14B5-4364-84B7-2FBA6240258A}.Unity|Any CPU.ActiveCfg = Debug|Any CPU
		{0E18DEC7-14B5-4364-84B7-2FBA6240258A}.Unity|Any CPU.Build.0 = Debug|Any CPU
		{FD6B09E3-79CF-4E0F-BD3C-BA39071BE2DC}.Debug|Any CPU.ActiveCfg = Debug|Any CPU
		{FD6B09E3-79CF-4E0F-BD3C-BA39071BE2DC}.Debug|Any CPU.Build.0 = Debug|Any CPU
		{FD6B09E3-79CF-4E0F-BD3C-BA39071BE2DC}.Release|Any CPU.ActiveCfg = Release|Any CPU
		{FD6B09E3-79CF-4E0F-BD3C-BA39071BE2DC}.Release|Any CPU.Build.0 = Release|Any CPU
		{FD6B09E3-79CF-4E0F-BD3C-BA39071BE2DC}.Unity|Any CPU.ActiveCfg = Debug|Any CPU
		{FD6B09E3-79CF-4E0F-BD3C-BA39071BE2DC}.Unity|Any CPU.Build.0 = Debug|Any CPU
		{B84BC33B-53FF-4DB5-A875-803FC4A90789}.Debug|Any CPU.ActiveCfg = Debug|Any CPU
		{B84BC33B-53FF-4DB5-A875-803FC4A90789}.Debug|Any CPU.Build.0 = Debug|Any CPU
		{B84BC33B-53FF-4DB5-A875-803FC4A90789}.Release|Any CPU.ActiveCfg = Release|Any CPU
		{B84BC33B-53FF-4DB5-A875-803FC4A90789}.Release|Any CPU.Build.0 = Release|Any CPU
		{B84BC33B-53FF-4DB5-A875-803FC4A90789}.Unity|Any CPU.ActiveCfg = Debug|Any CPU
		{B84BC33B-53FF-4DB5-A875-803FC4A90789}.Unity|Any CPU.Build.0 = Debug|Any CPU
		{134505E1-2B36-4BD6-8DF0-8178686E9E53}.Debug|Any CPU.ActiveCfg = Debug|Any CPU
		{134505E1-2B36-4BD6-8DF0-8178686E9E53}.Debug|Any CPU.Build.0 = Debug|Any CPU
		{134505E1-2B36-4BD6-8DF0-8178686E9E53}.Release|Any CPU.ActiveCfg = Release|Any CPU
		{134505E1-2B36-4BD6-8DF0-8178686E9E53}.Release|Any CPU.Build.0 = Release|Any CPU
		{134505E1-2B36-4BD6-8DF0-8178686E9E53}.Unity|Any CPU.ActiveCfg = Debug|Any CPU
		{134505E1-2B36-4BD6-8DF0-8178686E9E53}.Unity|Any CPU.Build.0 = Debug|Any CPU
		{9A40762F-AEA1-43A4-869C-CB9582884A51}.Debug|Any CPU.ActiveCfg = Debug|Any CPU
		{9A40762F-AEA1-43A4-869C-CB9582884A51}.Debug|Any CPU.Build.0 = Debug|Any CPU
		{9A40762F-AEA1-43A4-869C-CB9582884A51}.Release|Any CPU.ActiveCfg = Release|Any CPU
		{9A40762F-AEA1-43A4-869C-CB9582884A51}.Release|Any CPU.Build.0 = Release|Any CPU
		{9A40762F-AEA1-43A4-869C-CB9582884A51}.Unity|Any CPU.ActiveCfg = Debug|Any CPU
		{9A40762F-AEA1-43A4-869C-CB9582884A51}.Unity|Any CPU.Build.0 = Debug|Any CPU
		{6751F125-A038-4B06-AA1B-74DB7EBD61AA}.Debug|Any CPU.ActiveCfg = Debug|Any CPU
		{6751F125-A038-4B06-AA1B-74DB7EBD61AA}.Debug|Any CPU.Build.0 = Debug|Any CPU
		{6751F125-A038-4B06-AA1B-74DB7EBD61AA}.Release|Any CPU.ActiveCfg = Release|Any CPU
		{6751F125-A038-4B06-AA1B-74DB7EBD61AA}.Release|Any CPU.Build.0 = Release|Any CPU
		{6751F125-A038-4B06-AA1B-74DB7EBD61AA}.Unity|Any CPU.ActiveCfg = Debug|Any CPU
		{6751F125-A038-4B06-AA1B-74DB7EBD61AA}.Unity|Any CPU.Build.0 = Debug|Any CPU
		{4CF517F7-B850-43E4-B64E-91F3B248235D}.Debug|Any CPU.ActiveCfg = Debug|Any CPU
		{4CF517F7-B850-43E4-B64E-91F3B248235D}.Debug|Any CPU.Build.0 = Debug|Any CPU
		{4CF517F7-B850-43E4-B64E-91F3B248235D}.Release|Any CPU.ActiveCfg = Release|Any CPU
		{4CF517F7-B850-43E4-B64E-91F3B248235D}.Release|Any CPU.Build.0 = Release|Any CPU
		{4CF517F7-B850-43E4-B64E-91F3B248235D}.Unity|Any CPU.ActiveCfg = Debug|Any CPU
		{4CF517F7-B850-43E4-B64E-91F3B248235D}.Unity|Any CPU.Build.0 = Debug|Any CPU
		{2097281A-9E62-48B4-B422-E8E78C848201}.Debug|Any CPU.ActiveCfg = Debug|Any CPU
		{2097281A-9E62-48B4-B422-E8E78C848201}.Debug|Any CPU.Build.0 = Debug|Any CPU
		{2097281A-9E62-48B4-B422-E8E78C848201}.Release|Any CPU.ActiveCfg = Release|Any CPU
		{2097281A-9E62-48B4-B422-E8E78C848201}.Release|Any CPU.Build.0 = Release|Any CPU
		{2097281A-9E62-48B4-B422-E8E78C848201}.Unity|Any CPU.ActiveCfg = Debug|Any CPU
		{2097281A-9E62-48B4-B422-E8E78C848201}.Unity|Any CPU.Build.0 = Debug|Any CPU
		{4267DAA1-85A4-46E3-A5EC-7E8AB8BF29BE}.Debug|Any CPU.ActiveCfg = Debug|Any CPU
		{4267DAA1-85A4-46E3-A5EC-7E8AB8BF29BE}.Debug|Any CPU.Build.0 = Debug|Any CPU
		{4267DAA1-85A4-46E3-A5EC-7E8AB8BF29BE}.Release|Any CPU.ActiveCfg = Release|Any CPU
		{4267DAA1-85A4-46E3-A5EC-7E8AB8BF29BE}.Release|Any CPU.Build.0 = Release|Any CPU
		{4267DAA1-85A4-46E3-A5EC-7E8AB8BF29BE}.Unity|Any CPU.ActiveCfg = Debug|Any CPU
		{4267DAA1-85A4-46E3-A5EC-7E8AB8BF29BE}.Unity|Any CPU.Build.0 = Debug|Any CPU
		{F891F55C-4B11-4875-AEAB-7A8B7588F3DD}.Debug|Any CPU.ActiveCfg = Debug|Any CPU
		{F891F55C-4B11-4875-AEAB-7A8B7588F3DD}.Debug|Any CPU.Build.0 = Debug|Any CPU
		{F891F55C-4B11-4875-AEAB-7A8B7588F3DD}.Release|Any CPU.ActiveCfg = Release|Any CPU
		{F891F55C-4B11-4875-AEAB-7A8B7588F3DD}.Release|Any CPU.Build.0 = Release|Any CPU
		{F891F55C-4B11-4875-AEAB-7A8B7588F3DD}.Unity|Any CPU.ActiveCfg = Debug|Any CPU
		{F891F55C-4B11-4875-AEAB-7A8B7588F3DD}.Unity|Any CPU.Build.0 = Debug|Any CPU
		{C2FFC33B-36B4-495F-A6EF-27322A5B834C}.Debug|Any CPU.ActiveCfg = Debug|Any CPU
		{C2FFC33B-36B4-495F-A6EF-27322A5B834C}.Debug|Any CPU.Build.0 = Debug|Any CPU
		{C2FFC33B-36B4-495F-A6EF-27322A5B834C}.Release|Any CPU.ActiveCfg = Release|Any CPU
		{C2FFC33B-36B4-495F-A6EF-27322A5B834C}.Release|Any CPU.Build.0 = Release|Any CPU
		{C2FFC33B-36B4-495F-A6EF-27322A5B834C}.Unity|Any CPU.ActiveCfg = Debug|Any CPU
		{C2FFC33B-36B4-495F-A6EF-27322A5B834C}.Unity|Any CPU.Build.0 = Debug|Any CPU
		{0551F0F8-7DD4-4766-AAD6-2A1575B91E76}.Debug|Any CPU.ActiveCfg = Debug|Any CPU
		{0551F0F8-7DD4-4766-AAD6-2A1575B91E76}.Debug|Any CPU.Build.0 = Debug|Any CPU
		{0551F0F8-7DD4-4766-AAD6-2A1575B91E76}.Release|Any CPU.ActiveCfg = Release|Any CPU
		{0551F0F8-7DD4-4766-AAD6-2A1575B91E76}.Release|Any CPU.Build.0 = Release|Any CPU
		{0551F0F8-7DD4-4766-AAD6-2A1575B91E76}.Unity|Any CPU.ActiveCfg = Debug|Any CPU
		{0551F0F8-7DD4-4766-AAD6-2A1575B91E76}.Unity|Any CPU.Build.0 = Debug|Any CPU
		{09D578AE-B64B-4B79-9538-40DD254F749E}.Debug|Any CPU.ActiveCfg = Debug|Any CPU
		{09D578AE-B64B-4B79-9538-40DD254F749E}.Debug|Any CPU.Build.0 = Debug|Any CPU
		{09D578AE-B64B-4B79-9538-40DD254F749E}.Release|Any CPU.ActiveCfg = Release|Any CPU
		{09D578AE-B64B-4B79-9538-40DD254F749E}.Release|Any CPU.Build.0 = Release|Any CPU
		{09D578AE-B64B-4B79-9538-40DD254F749E}.Unity|Any CPU.ActiveCfg = Debug|Any CPU
		{09D578AE-B64B-4B79-9538-40DD254F749E}.Unity|Any CPU.Build.0 = Debug|Any CPU
		{BA3273E8-7B36-4B71-9FA9-BB524338B090}.Debug|Any CPU.ActiveCfg = Debug|Any CPU
		{BA3273E8-7B36-4B71-9FA9-BB524338B090}.Debug|Any CPU.Build.0 = Debug|Any CPU
		{BA3273E8-7B36-4B71-9FA9-BB524338B090}.Release|Any CPU.ActiveCfg = Release|Any CPU
		{BA3273E8-7B36-4B71-9FA9-BB524338B090}.Release|Any CPU.Build.0 = Release|Any CPU
		{BA3273E8-7B36-4B71-9FA9-BB524338B090}.Unity|Any CPU.ActiveCfg = Debug|Any CPU
		{BA3273E8-7B36-4B71-9FA9-BB524338B090}.Unity|Any CPU.Build.0 = Debug|Any CPU
		{DA5A865B-1806-4649-800D-2CBBAB1EE7EB}.Debug|Any CPU.ActiveCfg = Debug|Any CPU
		{DA5A865B-1806-4649-800D-2CBBAB1EE7EB}.Debug|Any CPU.Build.0 = Debug|Any CPU
		{DA5A865B-1806-4649-800D-2CBBAB1EE7EB}.Release|Any CPU.ActiveCfg = Release|Any CPU
		{DA5A865B-1806-4649-800D-2CBBAB1EE7EB}.Release|Any CPU.Build.0 = Release|Any CPU
		{DA5A865B-1806-4649-800D-2CBBAB1EE7EB}.Unity|Any CPU.ActiveCfg = Debug|Any CPU
		{DA5A865B-1806-4649-800D-2CBBAB1EE7EB}.Unity|Any CPU.Build.0 = Debug|Any CPU
		{9A3D9097-6E1E-4F1E-8B4D-C7392D93A8A0}.Debug|Any CPU.ActiveCfg = Debug|Any CPU
		{9A3D9097-6E1E-4F1E-8B4D-C7392D93A8A0}.Debug|Any CPU.Build.0 = Debug|Any CPU
		{9A3D9097-6E1E-4F1E-8B4D-C7392D93A8A0}.Release|Any CPU.ActiveCfg = Release|Any CPU
		{9A3D9097-6E1E-4F1E-8B4D-C7392D93A8A0}.Release|Any CPU.Build.0 = Release|Any CPU
		{9A3D9097-6E1E-4F1E-8B4D-C7392D93A8A0}.Unity|Any CPU.ActiveCfg = Debug|Any CPU
		{9A3D9097-6E1E-4F1E-8B4D-C7392D93A8A0}.Unity|Any CPU.Build.0 = Debug|Any CPU
		{945AA520-2009-47B8-BC72-3439C819AE67}.Debug|Any CPU.ActiveCfg = Debug|Any CPU
		{945AA520-2009-47B8-BC72-3439C819AE67}.Debug|Any CPU.Build.0 = Debug|Any CPU
		{945AA520-2009-47B8-BC72-3439C819AE67}.Release|Any CPU.ActiveCfg = Release|Any CPU
		{945AA520-2009-47B8-BC72-3439C819AE67}.Release|Any CPU.Build.0 = Release|Any CPU
		{945AA520-2009-47B8-BC72-3439C819AE67}.Unity|Any CPU.ActiveCfg = Debug|Any CPU
		{945AA520-2009-47B8-BC72-3439C819AE67}.Unity|Any CPU.Build.0 = Debug|Any CPU
		{AEC7EA94-B990-432F-B057-2CBEEF068C20}.Debug|Any CPU.ActiveCfg = Debug|Any CPU
		{AEC7EA94-B990-432F-B057-2CBEEF068C20}.Debug|Any CPU.Build.0 = Debug|Any CPU
		{AEC7EA94-B990-432F-B057-2CBEEF068C20}.Release|Any CPU.ActiveCfg = Release|Any CPU
		{AEC7EA94-B990-432F-B057-2CBEEF068C20}.Release|Any CPU.Build.0 = Release|Any CPU
		{AEC7EA94-B990-432F-B057-2CBEEF068C20}.Unity|Any CPU.ActiveCfg = Debug|Any CPU
		{AEC7EA94-B990-432F-B057-2CBEEF068C20}.Unity|Any CPU.Build.0 = Debug|Any CPU
		{A439988C-49A5-466D-9BC7-5B8B63173781}.Debug|Any CPU.ActiveCfg = Debug|Any CPU
		{A439988C-49A5-466D-9BC7-5B8B63173781}.Debug|Any CPU.Build.0 = Debug|Any CPU
		{A439988C-49A5-466D-9BC7-5B8B63173781}.Release|Any CPU.ActiveCfg = Release|Any CPU
		{A439988C-49A5-466D-9BC7-5B8B63173781}.Release|Any CPU.Build.0 = Release|Any CPU
		{A439988C-49A5-466D-9BC7-5B8B63173781}.Unity|Any CPU.ActiveCfg = Debug|Any CPU
		{A439988C-49A5-466D-9BC7-5B8B63173781}.Unity|Any CPU.Build.0 = Debug|Any CPU
		{53C98870-A47A-46C8-884F-8D276B8A122A}.Debug|Any CPU.ActiveCfg = Debug|Any CPU
		{53C98870-A47A-46C8-884F-8D276B8A122A}.Debug|Any CPU.Build.0 = Debug|Any CPU
		{53C98870-A47A-46C8-884F-8D276B8A122A}.Release|Any CPU.ActiveCfg = Release|Any CPU
		{53C98870-A47A-46C8-884F-8D276B8A122A}.Release|Any CPU.Build.0 = Release|Any CPU
		{53C98870-A47A-46C8-884F-8D276B8A122A}.Unity|Any CPU.ActiveCfg = Debug|Any CPU
		{53C98870-A47A-46C8-884F-8D276B8A122A}.Unity|Any CPU.Build.0 = Debug|Any CPU
		{B42A51A0-821C-4E3C-8ABC-6043A6016304}.Debug|Any CPU.ActiveCfg = Debug|Any CPU
		{B42A51A0-821C-4E3C-8ABC-6043A6016304}.Debug|Any CPU.Build.0 = Debug|Any CPU
		{B42A51A0-821C-4E3C-8ABC-6043A6016304}.Release|Any CPU.ActiveCfg = Release|Any CPU
		{B42A51A0-821C-4E3C-8ABC-6043A6016304}.Release|Any CPU.Build.0 = Release|Any CPU
		{B42A51A0-821C-4E3C-8ABC-6043A6016304}.Unity|Any CPU.ActiveCfg = Debug|Any CPU
		{B42A51A0-821C-4E3C-8ABC-6043A6016304}.Unity|Any CPU.Build.0 = Debug|Any CPU
		{3C13004F-BB50-4075-A157-7A6F79BA3FD4}.Debug|Any CPU.ActiveCfg = Debug|Any CPU
		{3C13004F-BB50-4075-A157-7A6F79BA3FD4}.Debug|Any CPU.Build.0 = Debug|Any CPU
		{3C13004F-BB50-4075-A157-7A6F79BA3FD4}.Release|Any CPU.ActiveCfg = Release|Any CPU
		{3C13004F-BB50-4075-A157-7A6F79BA3FD4}.Release|Any CPU.Build.0 = Release|Any CPU
		{3C13004F-BB50-4075-A157-7A6F79BA3FD4}.Unity|Any CPU.ActiveCfg = Debug|Any CPU
		{3C13004F-BB50-4075-A157-7A6F79BA3FD4}.Unity|Any CPU.Build.0 = Debug|Any CPU
		{D6881398-017C-4AA6-8061-4C80EB505655}.Debug|Any CPU.ActiveCfg = Debug|Any CPU
		{D6881398-017C-4AA6-8061-4C80EB505655}.Debug|Any CPU.Build.0 = Debug|Any CPU
		{D6881398-017C-4AA6-8061-4C80EB505655}.Release|Any CPU.ActiveCfg = Release|Any CPU
		{D6881398-017C-4AA6-8061-4C80EB505655}.Release|Any CPU.Build.0 = Release|Any CPU
		{D6881398-017C-4AA6-8061-4C80EB505655}.Unity|Any CPU.ActiveCfg = Debug|Any CPU
		{D6881398-017C-4AA6-8061-4C80EB505655}.Unity|Any CPU.Build.0 = Debug|Any CPU
		{82675A3B-CB9B-4281-B906-368DBC3C27B8}.Debug|Any CPU.ActiveCfg = Debug|Any CPU
		{82675A3B-CB9B-4281-B906-368DBC3C27B8}.Debug|Any CPU.Build.0 = Debug|Any CPU
		{82675A3B-CB9B-4281-B906-368DBC3C27B8}.Release|Any CPU.ActiveCfg = Release|Any CPU
		{82675A3B-CB9B-4281-B906-368DBC3C27B8}.Release|Any CPU.Build.0 = Release|Any CPU
		{82675A3B-CB9B-4281-B906-368DBC3C27B8}.Unity|Any CPU.ActiveCfg = Debug|Any CPU
		{82675A3B-CB9B-4281-B906-368DBC3C27B8}.Unity|Any CPU.Build.0 = Debug|Any CPU
		{C95DD2C1-BB15-4B43-86EC-580C78A00900}.Debug|Any CPU.ActiveCfg = Debug|Any CPU
		{C95DD2C1-BB15-4B43-86EC-580C78A00900}.Debug|Any CPU.Build.0 = Debug|Any CPU
		{C95DD2C1-BB15-4B43-86EC-580C78A00900}.Release|Any CPU.ActiveCfg = Release|Any CPU
		{C95DD2C1-BB15-4B43-86EC-580C78A00900}.Release|Any CPU.Build.0 = Release|Any CPU
		{C95DD2C1-BB15-4B43-86EC-580C78A00900}.Unity|Any CPU.ActiveCfg = Debug|Any CPU
		{C95DD2C1-BB15-4B43-86EC-580C78A00900}.Unity|Any CPU.Build.0 = Debug|Any CPU
		{880BD9FE-99F7-4908-AEC4-69939E44B99F}.Debug|Any CPU.ActiveCfg = Debug|Any CPU
		{880BD9FE-99F7-4908-AEC4-69939E44B99F}.Debug|Any CPU.Build.0 = Debug|Any CPU
		{880BD9FE-99F7-4908-AEC4-69939E44B99F}.Release|Any CPU.ActiveCfg = Release|Any CPU
		{880BD9FE-99F7-4908-AEC4-69939E44B99F}.Release|Any CPU.Build.0 = Release|Any CPU
		{880BD9FE-99F7-4908-AEC4-69939E44B99F}.Unity|Any CPU.ActiveCfg = Debug|Any CPU
		{880BD9FE-99F7-4908-AEC4-69939E44B99F}.Unity|Any CPU.Build.0 = Debug|Any CPU
		{723750DA-7C66-4A06-8100-84ACD88099A4}.Debug|Any CPU.ActiveCfg = Debug|Any CPU
		{723750DA-7C66-4A06-8100-84ACD88099A4}.Debug|Any CPU.Build.0 = Debug|Any CPU
		{723750DA-7C66-4A06-8100-84ACD88099A4}.Release|Any CPU.ActiveCfg = Release|Any CPU
		{723750DA-7C66-4A06-8100-84ACD88099A4}.Release|Any CPU.Build.0 = Release|Any CPU
		{723750DA-7C66-4A06-8100-84ACD88099A4}.Unity|Any CPU.ActiveCfg = Debug|Any CPU
		{723750DA-7C66-4A06-8100-84ACD88099A4}.Unity|Any CPU.Build.0 = Debug|Any CPU
		{1BC9A3AA-0339-466B-8FDE-786F08762426}.Debug|Any CPU.ActiveCfg = Debug|Any CPU
		{1BC9A3AA-0339-466B-8FDE-786F08762426}.Debug|Any CPU.Build.0 = Debug|Any CPU
		{1BC9A3AA-0339-466B-8FDE-786F08762426}.Release|Any CPU.ActiveCfg = Release|Any CPU
		{1BC9A3AA-0339-466B-8FDE-786F08762426}.Release|Any CPU.Build.0 = Release|Any CPU
		{1BC9A3AA-0339-466B-8FDE-786F08762426}.Unity|Any CPU.ActiveCfg = Debug|Any CPU
		{1BC9A3AA-0339-466B-8FDE-786F08762426}.Unity|Any CPU.Build.0 = Debug|Any CPU
		{76B73903-74D8-45B8-A066-2EEDA611041C}.Debug|Any CPU.ActiveCfg = Debug|Any CPU
		{76B73903-74D8-45B8-A066-2EEDA611041C}.Debug|Any CPU.Build.0 = Debug|Any CPU
		{76B73903-74D8-45B8-A066-2EEDA611041C}.Release|Any CPU.ActiveCfg = Release|Any CPU
		{76B73903-74D8-45B8-A066-2EEDA611041C}.Release|Any CPU.Build.0 = Release|Any CPU
		{76B73903-74D8-45B8-A066-2EEDA611041C}.Unity|Any CPU.ActiveCfg = Debug|Any CPU
		{76B73903-74D8-45B8-A066-2EEDA611041C}.Unity|Any CPU.Build.0 = Debug|Any CPU
		{6752D936-F6F9-428F-BB7F-1FEFC22A77A4}.Debug|Any CPU.ActiveCfg = Debug|Any CPU
		{6752D936-F6F9-428F-BB7F-1FEFC22A77A4}.Debug|Any CPU.Build.0 = Debug|Any CPU
		{6752D936-F6F9-428F-BB7F-1FEFC22A77A4}.Release|Any CPU.ActiveCfg = Release|Any CPU
		{6752D936-F6F9-428F-BB7F-1FEFC22A77A4}.Release|Any CPU.Build.0 = Release|Any CPU
		{6752D936-F6F9-428F-BB7F-1FEFC22A77A4}.Unity|Any CPU.ActiveCfg = Debug|Any CPU
		{6752D936-F6F9-428F-BB7F-1FEFC22A77A4}.Unity|Any CPU.Build.0 = Debug|Any CPU
		{B5CDBEB2-5C76-4A73-95EC-D379BCAF4923}.Debug|Any CPU.ActiveCfg = Debug|Any CPU
		{B5CDBEB2-5C76-4A73-95EC-D379BCAF4923}.Debug|Any CPU.Build.0 = Debug|Any CPU
		{B5CDBEB2-5C76-4A73-95EC-D379BCAF4923}.Release|Any CPU.ActiveCfg = Release|Any CPU
		{B5CDBEB2-5C76-4A73-95EC-D379BCAF4923}.Release|Any CPU.Build.0 = Release|Any CPU
		{B5CDBEB2-5C76-4A73-95EC-D379BCAF4923}.Unity|Any CPU.ActiveCfg = Debug|Any CPU
		{B5CDBEB2-5C76-4A73-95EC-D379BCAF4923}.Unity|Any CPU.Build.0 = Debug|Any CPU
		{08F47478-2FCE-4876-9F81-36E850ABAE4C}.Debug|Any CPU.ActiveCfg = Debug|Any CPU
		{08F47478-2FCE-4876-9F81-36E850ABAE4C}.Debug|Any CPU.Build.0 = Debug|Any CPU
		{08F47478-2FCE-4876-9F81-36E850ABAE4C}.Release|Any CPU.ActiveCfg = Release|Any CPU
		{08F47478-2FCE-4876-9F81-36E850ABAE4C}.Release|Any CPU.Build.0 = Release|Any CPU
		{08F47478-2FCE-4876-9F81-36E850ABAE4C}.Unity|Any CPU.ActiveCfg = Debug|Any CPU
		{08F47478-2FCE-4876-9F81-36E850ABAE4C}.Unity|Any CPU.Build.0 = Debug|Any CPU
		{39055536-FA6B-4111-83BA-9491EC02BC29}.Debug|Any CPU.ActiveCfg = Debug|Any CPU
		{39055536-FA6B-4111-83BA-9491EC02BC29}.Debug|Any CPU.Build.0 = Debug|Any CPU
		{39055536-FA6B-4111-83BA-9491EC02BC29}.Release|Any CPU.ActiveCfg = Release|Any CPU
		{39055536-FA6B-4111-83BA-9491EC02BC29}.Release|Any CPU.Build.0 = Release|Any CPU
		{39055536-FA6B-4111-83BA-9491EC02BC29}.Unity|Any CPU.ActiveCfg = Debug|Any CPU
		{39055536-FA6B-4111-83BA-9491EC02BC29}.Unity|Any CPU.Build.0 = Debug|Any CPU
		{D5992F84-2949-488C-B196-CBE15F351BED}.Debug|Any CPU.ActiveCfg = Debug|Any CPU
		{D5992F84-2949-488C-B196-CBE15F351BED}.Debug|Any CPU.Build.0 = Debug|Any CPU
		{D5992F84-2949-488C-B196-CBE15F351BED}.Release|Any CPU.ActiveCfg = Release|Any CPU
		{D5992F84-2949-488C-B196-CBE15F351BED}.Release|Any CPU.Build.0 = Release|Any CPU
		{D5992F84-2949-488C-B196-CBE15F351BED}.Unity|Any CPU.ActiveCfg = Debug|Any CPU
		{D5992F84-2949-488C-B196-CBE15F351BED}.Unity|Any CPU.Build.0 = Debug|Any CPU
		{21DCA0EF-A41F-4AE8-AC30-F6E187D8F47B}.Debug|Any CPU.ActiveCfg = Debug|Any CPU
		{21DCA0EF-A41F-4AE8-AC30-F6E187D8F47B}.Debug|Any CPU.Build.0 = Debug|Any CPU
		{21DCA0EF-A41F-4AE8-AC30-F6E187D8F47B}.Release|Any CPU.ActiveCfg = Release|Any CPU
		{21DCA0EF-A41F-4AE8-AC30-F6E187D8F47B}.Release|Any CPU.Build.0 = Release|Any CPU
		{21DCA0EF-A41F-4AE8-AC30-F6E187D8F47B}.Unity|Any CPU.ActiveCfg = Debug|Any CPU
		{21DCA0EF-A41F-4AE8-AC30-F6E187D8F47B}.Unity|Any CPU.Build.0 = Debug|Any CPU
		{18551441-50FC-45D3-9DF4-B18625CC9AF1}.Debug|Any CPU.ActiveCfg = Debug|Any CPU
		{18551441-50FC-45D3-9DF4-B18625CC9AF1}.Debug|Any CPU.Build.0 = Debug|Any CPU
		{18551441-50FC-45D3-9DF4-B18625CC9AF1}.Release|Any CPU.ActiveCfg = Release|Any CPU
		{18551441-50FC-45D3-9DF4-B18625CC9AF1}.Release|Any CPU.Build.0 = Release|Any CPU
		{18551441-50FC-45D3-9DF4-B18625CC9AF1}.Unity|Any CPU.ActiveCfg = Debug|Any CPU
		{18551441-50FC-45D3-9DF4-B18625CC9AF1}.Unity|Any CPU.Build.0 = Debug|Any CPU
		{028AA142-80A5-409F-8DD2-D33C69734E8A}.Debug|Any CPU.ActiveCfg = Debug|Any CPU
		{028AA142-80A5-409F-8DD2-D33C69734E8A}.Debug|Any CPU.Build.0 = Debug|Any CPU
		{028AA142-80A5-409F-8DD2-D33C69734E8A}.Release|Any CPU.ActiveCfg = Release|Any CPU
		{028AA142-80A5-409F-8DD2-D33C69734E8A}.Release|Any CPU.Build.0 = Release|Any CPU
		{028AA142-80A5-409F-8DD2-D33C69734E8A}.Unity|Any CPU.ActiveCfg = Debug|Any CPU
		{028AA142-80A5-409F-8DD2-D33C69734E8A}.Unity|Any CPU.Build.0 = Debug|Any CPU
		{F9F79177-3F96-4867-B149-F6346A852A51}.Debug|Any CPU.ActiveCfg = Debug|Any CPU
		{F9F79177-3F96-4867-B149-F6346A852A51}.Debug|Any CPU.Build.0 = Debug|Any CPU
		{F9F79177-3F96-4867-B149-F6346A852A51}.Release|Any CPU.ActiveCfg = Release|Any CPU
		{F9F79177-3F96-4867-B149-F6346A852A51}.Release|Any CPU.Build.0 = Release|Any CPU
		{F9F79177-3F96-4867-B149-F6346A852A51}.Unity|Any CPU.ActiveCfg = Debug|Any CPU
		{F9F79177-3F96-4867-B149-F6346A852A51}.Unity|Any CPU.Build.0 = Debug|Any CPU
		{180743ED-8CBE-4529-9515-E2F60F500BED}.Debug|Any CPU.ActiveCfg = Debug|Any CPU
		{180743ED-8CBE-4529-9515-E2F60F500BED}.Debug|Any CPU.Build.0 = Debug|Any CPU
		{180743ED-8CBE-4529-9515-E2F60F500BED}.Release|Any CPU.ActiveCfg = Release|Any CPU
		{180743ED-8CBE-4529-9515-E2F60F500BED}.Release|Any CPU.Build.0 = Release|Any CPU
		{180743ED-8CBE-4529-9515-E2F60F500BED}.Unity|Any CPU.ActiveCfg = Debug|Any CPU
		{180743ED-8CBE-4529-9515-E2F60F500BED}.Unity|Any CPU.Build.0 = Debug|Any CPU
		{5864A9CE-410B-470C-8FA6-9D93A4FCBBFD}.Debug|Any CPU.ActiveCfg = Debug|Any CPU
		{5864A9CE-410B-470C-8FA6-9D93A4FCBBFD}.Debug|Any CPU.Build.0 = Debug|Any CPU
		{5864A9CE-410B-470C-8FA6-9D93A4FCBBFD}.Release|Any CPU.ActiveCfg = Release|Any CPU
		{5864A9CE-410B-470C-8FA6-9D93A4FCBBFD}.Release|Any CPU.Build.0 = Release|Any CPU
		{5864A9CE-410B-470C-8FA6-9D93A4FCBBFD}.Unity|Any CPU.ActiveCfg = Debug|Any CPU
		{5864A9CE-410B-470C-8FA6-9D93A4FCBBFD}.Unity|Any CPU.Build.0 = Debug|Any CPU
		{EA6F142B-59C3-40FE-A6A9-ACCA722F8E18}.Debug|Any CPU.ActiveCfg = Debug|Any CPU
		{EA6F142B-59C3-40FE-A6A9-ACCA722F8E18}.Debug|Any CPU.Build.0 = Debug|Any CPU
		{EA6F142B-59C3-40FE-A6A9-ACCA722F8E18}.Release|Any CPU.ActiveCfg = Release|Any CPU
		{EA6F142B-59C3-40FE-A6A9-ACCA722F8E18}.Release|Any CPU.Build.0 = Release|Any CPU
		{EA6F142B-59C3-40FE-A6A9-ACCA722F8E18}.Unity|Any CPU.ActiveCfg = Debug|Any CPU
		{EA6F142B-59C3-40FE-A6A9-ACCA722F8E18}.Unity|Any CPU.Build.0 = Debug|Any CPU
		{3FE93F20-0D7D-4B09-B79D-16AA36F10CF5}.Debug|Any CPU.ActiveCfg = Debug|Any CPU
		{3FE93F20-0D7D-4B09-B79D-16AA36F10CF5}.Debug|Any CPU.Build.0 = Debug|Any CPU
		{3FE93F20-0D7D-4B09-B79D-16AA36F10CF5}.Release|Any CPU.ActiveCfg = Release|Any CPU
		{3FE93F20-0D7D-4B09-B79D-16AA36F10CF5}.Release|Any CPU.Build.0 = Release|Any CPU
		{3FE93F20-0D7D-4B09-B79D-16AA36F10CF5}.Unity|Any CPU.ActiveCfg = Debug|Any CPU
		{3FE93F20-0D7D-4B09-B79D-16AA36F10CF5}.Unity|Any CPU.Build.0 = Debug|Any CPU
		{3DCF71D5-895B-49E1-9302-F0A4BEE5CC5C}.Debug|Any CPU.ActiveCfg = Debug|Any CPU
		{3DCF71D5-895B-49E1-9302-F0A4BEE5CC5C}.Debug|Any CPU.Build.0 = Debug|Any CPU
		{3DCF71D5-895B-49E1-9302-F0A4BEE5CC5C}.Release|Any CPU.ActiveCfg = Release|Any CPU
		{3DCF71D5-895B-49E1-9302-F0A4BEE5CC5C}.Release|Any CPU.Build.0 = Release|Any CPU
		{3DCF71D5-895B-49E1-9302-F0A4BEE5CC5C}.Unity|Any CPU.ActiveCfg = Unity|Any CPU
		{3DCF71D5-895B-49E1-9302-F0A4BEE5CC5C}.Unity|Any CPU.Build.0 = Unity|Any CPU
	EndGlobalSection
	GlobalSection(SolutionProperties) = preSolution
		HideSolutionNode = FALSE
	EndGlobalSection
	GlobalSection(NestedProjects) = preSolution
		{7AD269C6-73B7-4203-9657-C471492CBE44} = {74981086-C1C3-4D46-B3A3-C9C3C15E0B42}
		{3E548E68-831B-49C0-B30A-6E2159D30954} = {0979CF1D-69E9-477B-98BE-0FC4F5D5C478}
		{6450F0DC-B41D-4442-B715-0E6621B4FA4E} = {E41C8A46-5B4E-4DC9-9CD4-A1FB8777FC9A}
		{99967C93-CB27-45CF-8D01-78F3A03D3EDB} = {7AD269C6-73B7-4203-9657-C471492CBE44}
		{E41C8A46-5B4E-4DC9-9CD4-A1FB8777FC9A} = {7AD269C6-73B7-4203-9657-C471492CBE44}
		{0979CF1D-69E9-477B-98BE-0FC4F5D5C478} = {7AD269C6-73B7-4203-9657-C471492CBE44}
		{985B5DFA-402D-4FEB-9DE9-9E0A8C956CBC} = {E41C8A46-5B4E-4DC9-9CD4-A1FB8777FC9A}
		{A0E64A06-2883-4640-9CE9-AEFFAAFE4D4D} = {74981086-C1C3-4D46-B3A3-C9C3C15E0B42}
		{1CB3A0E6-350D-410C-B313-B1F730D6A7B0} = {A0E64A06-2883-4640-9CE9-AEFFAAFE4D4D}
		{861725A8-E9CF-4734-A512-1BFC0A16EE5C} = {77CE6511-F798-4BFB-896E-08CBEE85DA63}
		{0FF849D5-48EF-4E83-87CE-6EFF007E2EB1} = {82823C29-F2C7-4A88-AA1A-ECF65B36305E}
		{F7036F07-1741-41D2-A1DB-028982412ABC} = {0979CF1D-69E9-477B-98BE-0FC4F5D5C478}
		{42E2D713-16CE-41A8-8C4C-EDF548D4338D} = {2F61798F-63C5-470A-A1B3-0BD3E9E1400B}
		{77CE6511-F798-4BFB-896E-08CBEE85DA63} = {A0E64A06-2883-4640-9CE9-AEFFAAFE4D4D}
		{59E4E11C-3866-435F-9DF6-F732C522C714} = {77CE6511-F798-4BFB-896E-08CBEE85DA63}
		{54D6D540-D326-4481-8327-A0A9F672E604} = {99967C93-CB27-45CF-8D01-78F3A03D3EDB}
		{47C9DF9C-6E5A-4D88-917C-3DCC10494E8C} = {74981086-C1C3-4D46-B3A3-C9C3C15E0B42}
		{6CB809B1-FA7D-49E1-9B65-4C3A9B17F4A3} = {47C9DF9C-6E5A-4D88-917C-3DCC10494E8C}
		{AB026514-56A4-47D3-ABD2-C098A3EF4441} = {47C9DF9C-6E5A-4D88-917C-3DCC10494E8C}
		{CA82B6A5-076F-4ADE-9C50-F452304B57BE} = {6CB809B1-FA7D-49E1-9B65-4C3A9B17F4A3}
		{59CB7AD8-A2FE-4B61-BC2F-E7DAE62A3E90} = {AB026514-56A4-47D3-ABD2-C098A3EF4441}
		{C378B6EB-FC00-4CCB-B69E-6CD9D5FDC5D9} = {6CB809B1-FA7D-49E1-9B65-4C3A9B17F4A3}
		{23AD0055-4C54-4D55-8EF8-6E0B42118F38} = {74981086-C1C3-4D46-B3A3-C9C3C15E0B42}
		{03A2C5C1-7E9D-46AF-99BF-9CA415D4E24B} = {23AD0055-4C54-4D55-8EF8-6E0B42118F38}
		{E79025CA-6B93-4C55-B67C-08AD6708670F} = {23AD0055-4C54-4D55-8EF8-6E0B42118F38}
		{F1187072-E346-492C-8A91-D0D8C2650AF7} = {03A2C5C1-7E9D-46AF-99BF-9CA415D4E24B}
		{0088DDC6-8C1A-4908-9DC8-1C444ADCF500} = {03A2C5C1-7E9D-46AF-99BF-9CA415D4E24B}
		{1438B52B-FF82-4A07-B21E-2A5CEFF9B250} = {74981086-C1C3-4D46-B3A3-C9C3C15E0B42}
		{D36AC5D1-7AFF-4B6B-B3F9-D0F5A29BAF20} = {1438B52B-FF82-4A07-B21E-2A5CEFF9B250}
		{DF4F4D3D-C770-4299-9177-6AAB4FBAD805} = {1438B52B-FF82-4A07-B21E-2A5CEFF9B250}
		{769FA2E7-D7F9-498D-8BF8-4AB718DBBFF4} = {DF4F4D3D-C770-4299-9177-6AAB4FBAD805}
		{807ED7E9-4B19-4797-ACB2-879D5B4EBF86} = {D36AC5D1-7AFF-4B6B-B3F9-D0F5A29BAF20}
		{0E18DEC7-14B5-4364-84B7-2FBA6240258A} = {DF4F4D3D-C770-4299-9177-6AAB4FBAD805}
		{FD6B09E3-79CF-4E0F-BD3C-BA39071BE2DC} = {DF4F4D3D-C770-4299-9177-6AAB4FBAD805}
		{EE0C3435-8B92-4560-8090-53D1AA000F57} = {74981086-C1C3-4D46-B3A3-C9C3C15E0B42}
		{5ADA0A73-BFBB-4A6C-AC61-FF4B47FF1368} = {EE0C3435-8B92-4560-8090-53D1AA000F57}
		{CD250D7A-3999-41DD-B1C9-CA075B01AF22} = {EE0C3435-8B92-4560-8090-53D1AA000F57}
		{B84BC33B-53FF-4DB5-A875-803FC4A90789} = {CD250D7A-3999-41DD-B1C9-CA075B01AF22}
		{134505E1-2B36-4BD6-8DF0-8178686E9E53} = {CD250D7A-3999-41DD-B1C9-CA075B01AF22}
		{9A40762F-AEA1-43A4-869C-CB9582884A51} = {B8E8BD4F-DC72-4F26-AF00-3286AA33CB6B}
		{6751F125-A038-4B06-AA1B-74DB7EBD61AA} = {B8E8BD4F-DC72-4F26-AF00-3286AA33CB6B}
		{4CF517F7-B850-43E4-B64E-91F3B248235D} = {A98BBB48-7133-43A0-995D-42467CC41C2B}
		{B4CEE3EE-DDDF-411D-BBA8-0D1EDF60223E} = {74981086-C1C3-4D46-B3A3-C9C3C15E0B42}
		{B8E8BD4F-DC72-4F26-AF00-3286AA33CB6B} = {B4CEE3EE-DDDF-411D-BBA8-0D1EDF60223E}
		{A98BBB48-7133-43A0-995D-42467CC41C2B} = {B4CEE3EE-DDDF-411D-BBA8-0D1EDF60223E}
		{2097281A-9E62-48B4-B422-E8E78C848201} = {B8E8BD4F-DC72-4F26-AF00-3286AA33CB6B}
		{4267DAA1-85A4-46E3-A5EC-7E8AB8BF29BE} = {CD250D7A-3999-41DD-B1C9-CA075B01AF22}
		{6D45818A-7395-4357-A564-7DCEB7785B01} = {74981086-C1C3-4D46-B3A3-C9C3C15E0B42}
		{3ECD23E2-9AD6-46E9-8872-16372DF3963E} = {6D45818A-7395-4357-A564-7DCEB7785B01}
		{7B3475B6-AD32-4740-B0F2-A18991C4A67A} = {6D45818A-7395-4357-A564-7DCEB7785B01}
		{F891F55C-4B11-4875-AEAB-7A8B7588F3DD} = {3ECD23E2-9AD6-46E9-8872-16372DF3963E}
		{C2FFC33B-36B4-495F-A6EF-27322A5B834C} = {82823C29-F2C7-4A88-AA1A-ECF65B36305E}
		{DFEF7932-1FF7-443B-95E5-A0AE60937496} = {74981086-C1C3-4D46-B3A3-C9C3C15E0B42}
		{54CD6015-29EA-482D-A89F-87EC1F1E5FE9} = {DFEF7932-1FF7-443B-95E5-A0AE60937496}
		{77B89680-CFE1-4120-BAD9-DF5A42532CC4} = {DFEF7932-1FF7-443B-95E5-A0AE60937496}
		{0551F0F8-7DD4-4766-AAD6-2A1575B91E76} = {77B89680-CFE1-4120-BAD9-DF5A42532CC4}
		{09D578AE-B64B-4B79-9538-40DD254F749E} = {77B89680-CFE1-4120-BAD9-DF5A42532CC4}
		{02EA681E-C7D8-13C7-8484-4AC65E1B71E8} = {74981086-C1C3-4D46-B3A3-C9C3C15E0B42}
		{79F7B472-7F6E-444F-99D0-98ECFAE01C85} = {02EA681E-C7D8-13C7-8484-4AC65E1B71E8}
		{7F2B1BB0-0D75-479D-B08C-D2D5D43EF3DC} = {02EA681E-C7D8-13C7-8484-4AC65E1B71E8}
		{BA3273E8-7B36-4B71-9FA9-BB524338B090} = {7F2B1BB0-0D75-479D-B08C-D2D5D43EF3DC}
		{DA5A865B-1806-4649-800D-2CBBAB1EE7EB} = {7F2B1BB0-0D75-479D-B08C-D2D5D43EF3DC}
		{D7AC6FCB-8BD5-4C7F-851F-46F0A2C98886} = {74981086-C1C3-4D46-B3A3-C9C3C15E0B42}
		{D7C97218-0C69-46EC-A0D0-C5FBDF28DFFD} = {D7AC6FCB-8BD5-4C7F-851F-46F0A2C98886}
		{83E01DBB-CF6B-404C-92F6-164D6A8BBC22} = {D7AC6FCB-8BD5-4C7F-851F-46F0A2C98886}
		{97078E0D-D461-425D-8129-A201202263D4} = {74981086-C1C3-4D46-B3A3-C9C3C15E0B42}
		{5A13F3FE-72B0-403A-B0C2-8BCA17B2D229} = {97078E0D-D461-425D-8129-A201202263D4}
		{E13C719C-53D9-4FA2-9590-C76A927E4368} = {97078E0D-D461-425D-8129-A201202263D4}
		{9A3D9097-6E1E-4F1E-8B4D-C7392D93A8A0} = {E13C719C-53D9-4FA2-9590-C76A927E4368}
		{945AA520-2009-47B8-BC72-3439C819AE67} = {B8E8BD4F-DC72-4F26-AF00-3286AA33CB6B}
		{AEC7EA94-B990-432F-B057-2CBEEF068C20} = {B8E8BD4F-DC72-4F26-AF00-3286AA33CB6B}
		{A439988C-49A5-466D-9BC7-5B8B63173781} = {5A13F3FE-72B0-403A-B0C2-8BCA17B2D229}
		{53C98870-A47A-46C8-884F-8D276B8A122A} = {5A13F3FE-72B0-403A-B0C2-8BCA17B2D229}
		{B42A51A0-821C-4E3C-8ABC-6043A6016304} = {E13C719C-53D9-4FA2-9590-C76A927E4368}
		{7BC2BDE6-842C-4DE1-9A70-ED07A831F6A3} = {74981086-C1C3-4D46-B3A3-C9C3C15E0B42}
		{C4EFB19B-A5E0-45CD-BF96-525991958DDF} = {7BC2BDE6-842C-4DE1-9A70-ED07A831F6A3}
		{3C13004F-BB50-4075-A157-7A6F79BA3FD4} = {99FB3D5D-CDC7-4F6E-BD69-5DFFA167B3F3}
		{99FB3D5D-CDC7-4F6E-BD69-5DFFA167B3F3} = {7BC2BDE6-842C-4DE1-9A70-ED07A831F6A3}
		{827F3258-08AF-4C1C-924F-CBA9038CEAAE} = {74981086-C1C3-4D46-B3A3-C9C3C15E0B42}
		{02F45DE8-BC6D-417A-B87C-7024566280C5} = {827F3258-08AF-4C1C-924F-CBA9038CEAAE}
		{D6881398-017C-4AA6-8061-4C80EB505655} = {0B165461-467D-48D0-AB98-3D607D411BE4}
		{82675A3B-CB9B-4281-B906-368DBC3C27B8} = {02F45DE8-BC6D-417A-B87C-7024566280C5}
		{0B165461-467D-48D0-AB98-3D607D411BE4} = {827F3258-08AF-4C1C-924F-CBA9038CEAAE}
		{C95DD2C1-BB15-4B43-86EC-580C78A00900} = {0B165461-467D-48D0-AB98-3D607D411BE4}
		{880BD9FE-99F7-4908-AEC4-69939E44B99F} = {E13C719C-53D9-4FA2-9590-C76A927E4368}
		{723750DA-7C66-4A06-8100-84ACD88099A4} = {B8E8BD4F-DC72-4F26-AF00-3286AA33CB6B}
		{1BC9A3AA-0339-466B-8FDE-786F08762426} = {5A13F3FE-72B0-403A-B0C2-8BCA17B2D229}
		{76B73903-74D8-45B8-A066-2EEDA611041C} = {E79025CA-6B93-4C55-B67C-08AD6708670F}
		{6752D936-F6F9-428F-BB7F-1FEFC22A77A4} = {E79025CA-6B93-4C55-B67C-08AD6708670F}
		{B5CDBEB2-5C76-4A73-95EC-D379BCAF4923} = {8455B20E-C11A-4FE0-8E17-FA0DC0B77B84}
		{BE3E79D9-2194-4D94-AEC6-99E3DC432A71} = {74981086-C1C3-4D46-B3A3-C9C3C15E0B42}
		{08F47478-2FCE-4876-9F81-36E850ABAE4C} = {2D2165D6-9787-4FC1-A7FD-10E607889E2E}
		{2D2165D6-9787-4FC1-A7FD-10E607889E2E} = {BE3E79D9-2194-4D94-AEC6-99E3DC432A71}
		{3ACCA72B-978A-407B-B5DF-B3EDE69D89E8} = {BE3E79D9-2194-4D94-AEC6-99E3DC432A71}
		{39055536-FA6B-4111-83BA-9491EC02BC29} = {2D2165D6-9787-4FC1-A7FD-10E607889E2E}
		{D5992F84-2949-488C-B196-CBE15F351BED} = {2D2165D6-9787-4FC1-A7FD-10E607889E2E}
		{21DCA0EF-A41F-4AE8-AC30-F6E187D8F47B} = {2D2165D6-9787-4FC1-A7FD-10E607889E2E}
		{18551441-50FC-45D3-9DF4-B18625CC9AF1} = {3ACCA72B-978A-407B-B5DF-B3EDE69D89E8}
		{028AA142-80A5-409F-8DD2-D33C69734E8A} = {02F45DE8-BC6D-417A-B87C-7024566280C5}
		{F9F79177-3F96-4867-B149-F6346A852A51} = {D7C97218-0C69-46EC-A0D0-C5FBDF28DFFD}
		{180743ED-8CBE-4529-9515-E2F60F500BED} = {83E01DBB-CF6B-404C-92F6-164D6A8BBC22}
		{5864A9CE-410B-470C-8FA6-9D93A4FCBBFD} = {77B89680-CFE1-4120-BAD9-DF5A42532CC4}
		{EA6F142B-59C3-40FE-A6A9-ACCA722F8E18} = {54CD6015-29EA-482D-A89F-87EC1F1E5FE9}
		{5953EB33-4D5B-447A-8CEB-27CDC42B2255} = {DFEF7932-1FF7-443B-95E5-A0AE60937496}
		{3FE93F20-0D7D-4B09-B79D-16AA36F10CF5} = {5953EB33-4D5B-447A-8CEB-27CDC42B2255}
		{3DCF71D5-895B-49E1-9302-F0A4BEE5CC5C} = {B8E8BD4F-DC72-4F26-AF00-3286AA33CB6B}
	EndGlobalSection
	GlobalSection(ExtensibilityGlobals) = postSolution
		SolutionGuid = {CDAF4F07-1F84-4878-9E13-C5A68106DA8E}
	EndGlobalSection
EndGlobal
